// !$*UTF8*$!
{
	archiveVersion = 1;
	classes = {
	};
	objectVersion = 56;
	objects = {

/* Begin PBXBuildFile section */
		C2F903732C76377800EAE312 /* SnelApp.swift in Sources */ = {isa = PBXBuildFile; fileRef = C2F903722C76377800EAE312 /* SnelApp.swift */; };
		C2F903772C76377900EAE312 /* Assets.xcassets in Resources */ = {isa = PBXBuildFile; fileRef = C2F903762C76377900EAE312 /* Assets.xcassets */; };
		C2F9037A2C76377900EAE312 /* Preview Assets.xcassets in Resources */ = {isa = PBXBuildFile; fileRef = C2F903792C76377900EAE312 /* Preview Assets.xcassets */; };
		C2F903842C76379F00EAE312 /* LocationManager.swift in Sources */ = {isa = PBXBuildFile; fileRef = C2F903802C76379F00EAE312 /* LocationManager.swift */; };
		C2F903852C76379F00EAE312 /* DisplayMode.swift in Sources */ = {isa = PBXBuildFile; fileRef = C2F903812C76379F00EAE312 /* DisplayMode.swift */; };
		C2F903862C76379F00EAE312 /* ContentView.swift in Sources */ = {isa = PBXBuildFile; fileRef = C2F903822C76379F00EAE312 /* ContentView.swift */; };
		C2F903872C76379F00EAE312 /* Defaults.swift in Sources */ = {isa = PBXBuildFile; fileRef = C2F903832C76379F00EAE312 /* Defaults.swift */; };
		C2F9038C2C7637A400EAE312 /* SettingsView.swift in Sources */ = {isa = PBXBuildFile; fileRef = C2F903882C7637A400EAE312 /* SettingsView.swift */; };
		C2F9038D2C7637A400EAE312 /* SpeedOption.swift in Sources */ = {isa = PBXBuildFile; fileRef = C2F903892C7637A400EAE312 /* SpeedOption.swift */; };
		C2F9038E2C7637A400EAE312 /* Theme.swift in Sources */ = {isa = PBXBuildFile; fileRef = C2F9038A2C7637A400EAE312 /* Theme.swift */; };
		C2F903972C7637C400EAE312 /* WidgetKit.framework in Frameworks */ = {isa = PBXBuildFile; fileRef = C2F903962C7637C400EAE312 /* WidgetKit.framework */; };
		C2F903992C7637C400EAE312 /* SwiftUI.framework in Frameworks */ = {isa = PBXBuildFile; fileRef = C2F903982C7637C400EAE312 /* SwiftUI.framework */; };
		C2F9039E2C7637C500EAE312 /* Assets.xcassets in Resources */ = {isa = PBXBuildFile; fileRef = C2F9039D2C7637C500EAE312 /* Assets.xcassets */; };
		C2F903A22C7637C500EAE312 /* Snel ComplicationExtension.appex in Embed Foundation Extensions */ = {isa = PBXBuildFile; fileRef = C2F903942C7637C400EAE312 /* Snel ComplicationExtension.appex */; settings = {ATTRIBUTES = (RemoveHeadersOnCopy, ); }; };
		C2F903A82C7637CF00EAE312 /* Snel_Complication.swift in Sources */ = {isa = PBXBuildFile; fileRef = C2F903A72C7637CF00EAE312 /* Snel_Complication.swift */; };
		C2F903AB2C76381600EAE312 /* Defaults in Frameworks */ = {isa = PBXBuildFile; productRef = C2F903AA2C76381600EAE312 /* Defaults */; };
/* End PBXBuildFile section */

/* Begin PBXContainerItemProxy section */
		C2F903A02C7637C500EAE312 /* PBXContainerItemProxy */ = {
			isa = PBXContainerItemProxy;
			containerPortal = C2F903672C76377800EAE312 /* Project object */;
			proxyType = 1;
			remoteGlobalIDString = C2F903932C7637C400EAE312;
			remoteInfo = "Snel ComplicationExtension";
		};
/* End PBXContainerItemProxy section */

/* Begin PBXCopyFilesBuildPhase section */
		C2F903A62C7637C500EAE312 /* Embed Foundation Extensions */ = {
			isa = PBXCopyFilesBuildPhase;
			buildActionMask = 2147483647;
			dstPath = "";
			dstSubfolderSpec = 13;
			files = (
				C2F903A22C7637C500EAE312 /* Snel ComplicationExtension.appex in Embed Foundation Extensions */,
			);
			name = "Embed Foundation Extensions";
			runOnlyForDeploymentPostprocessing = 0;
		};
/* End PBXCopyFilesBuildPhase section */

/* Begin PBXFileReference section */
		C2F9036F2C76377800EAE312 /* Snel Watch App.app */ = {isa = PBXFileReference; explicitFileType = wrapper.application; includeInIndex = 0; path = "Snel Watch App.app"; sourceTree = BUILT_PRODUCTS_DIR; };
		C2F903722C76377800EAE312 /* SnelApp.swift */ = {isa = PBXFileReference; lastKnownFileType = sourcecode.swift; path = SnelApp.swift; sourceTree = "<group>"; };
		C2F903762C76377900EAE312 /* Assets.xcassets */ = {isa = PBXFileReference; lastKnownFileType = folder.assetcatalog; path = Assets.xcassets; sourceTree = "<group>"; };
		C2F903792C76377900EAE312 /* Preview Assets.xcassets */ = {isa = PBXFileReference; lastKnownFileType = folder.assetcatalog; path = "Preview Assets.xcassets"; sourceTree = "<group>"; };
		C2F903802C76379F00EAE312 /* LocationManager.swift */ = {isa = PBXFileReference; fileEncoding = 4; lastKnownFileType = sourcecode.swift; path = LocationManager.swift; sourceTree = "<group>"; };
		C2F903812C76379F00EAE312 /* DisplayMode.swift */ = {isa = PBXFileReference; fileEncoding = 4; lastKnownFileType = sourcecode.swift; path = DisplayMode.swift; sourceTree = "<group>"; };
		C2F903822C76379F00EAE312 /* ContentView.swift */ = {isa = PBXFileReference; fileEncoding = 4; lastKnownFileType = sourcecode.swift; path = ContentView.swift; sourceTree = "<group>"; };
		C2F903832C76379F00EAE312 /* Defaults.swift */ = {isa = PBXFileReference; fileEncoding = 4; lastKnownFileType = sourcecode.swift; path = Defaults.swift; sourceTree = "<group>"; };
		C2F903882C7637A400EAE312 /* SettingsView.swift */ = {isa = PBXFileReference; fileEncoding = 4; lastKnownFileType = sourcecode.swift; path = SettingsView.swift; sourceTree = "<group>"; };
		C2F903892C7637A400EAE312 /* SpeedOption.swift */ = {isa = PBXFileReference; fileEncoding = 4; lastKnownFileType = sourcecode.swift; path = SpeedOption.swift; sourceTree = "<group>"; };
		C2F9038A2C7637A400EAE312 /* Theme.swift */ = {isa = PBXFileReference; fileEncoding = 4; lastKnownFileType = sourcecode.swift; path = Theme.swift; sourceTree = "<group>"; };
		C2F903942C7637C400EAE312 /* Snel ComplicationExtension.appex */ = {isa = PBXFileReference; explicitFileType = "wrapper.app-extension"; includeInIndex = 0; path = "Snel ComplicationExtension.appex"; sourceTree = BUILT_PRODUCTS_DIR; };
		C2F903962C7637C400EAE312 /* WidgetKit.framework */ = {isa = PBXFileReference; lastKnownFileType = wrapper.framework; name = WidgetKit.framework; path = System/Library/Frameworks/WidgetKit.framework; sourceTree = SDKROOT; };
		C2F903982C7637C400EAE312 /* SwiftUI.framework */ = {isa = PBXFileReference; lastKnownFileType = wrapper.framework; name = SwiftUI.framework; path = System/Library/Frameworks/SwiftUI.framework; sourceTree = SDKROOT; };
		C2F9039D2C7637C500EAE312 /* Assets.xcassets */ = {isa = PBXFileReference; lastKnownFileType = folder.assetcatalog; path = Assets.xcassets; sourceTree = "<group>"; };
		C2F9039F2C7637C500EAE312 /* Info.plist */ = {isa = PBXFileReference; lastKnownFileType = text.plist.xml; path = Info.plist; sourceTree = "<group>"; };
		C2F903A72C7637CF00EAE312 /* Snel_Complication.swift */ = {isa = PBXFileReference; fileEncoding = 4; lastKnownFileType = sourcecode.swift; name = Snel_Complication.swift; path = "../../Snel-old/Snel Complication/Snel_Complication.swift"; sourceTree = "<group>"; };
/* End PBXFileReference section */

/* Begin PBXFrameworksBuildPhase section */
		C2F9036C2C76377800EAE312 /* Frameworks */ = {
			isa = PBXFrameworksBuildPhase;
			buildActionMask = 2147483647;
			files = (
				C2F903AB2C76381600EAE312 /* Defaults in Frameworks */,
			);
			runOnlyForDeploymentPostprocessing = 0;
		};
		C2F903912C7637C400EAE312 /* Frameworks */ = {
			isa = PBXFrameworksBuildPhase;
			buildActionMask = 2147483647;
			files = (
				C2F903992C7637C400EAE312 /* SwiftUI.framework in Frameworks */,
				C2F903972C7637C400EAE312 /* WidgetKit.framework in Frameworks */,
			);
			runOnlyForDeploymentPostprocessing = 0;
		};
/* End PBXFrameworksBuildPhase section */

/* Begin PBXGroup section */
		C2F903662C76377800EAE312 = {
			isa = PBXGroup;
			children = (
				C2F903712C76377800EAE312 /* Snel Watch App */,
				C2F9039A2C7637C400EAE312 /* Snel Complication */,
				C2F903952C7637C400EAE312 /* Frameworks */,
				C2F903702C76377800EAE312 /* Products */,
			);
			sourceTree = "<group>";
		};
		C2F903702C76377800EAE312 /* Products */ = {
			isa = PBXGroup;
			children = (
				C2F9036F2C76377800EAE312 /* Snel Watch App.app */,
				C2F903942C7637C400EAE312 /* Snel ComplicationExtension.appex */,
			);
			name = Products;
			sourceTree = "<group>";
		};
		C2F903712C76377800EAE312 /* Snel Watch App */ = {
			isa = PBXGroup;
			children = (
				C2F903722C76377800EAE312 /* SnelApp.swift */,
				C2F903822C76379F00EAE312 /* ContentView.swift */,
				C2F903832C76379F00EAE312 /* Defaults.swift */,
				C2F903812C76379F00EAE312 /* DisplayMode.swift */,
				C2F903802C76379F00EAE312 /* LocationManager.swift */,
				C2F903882C7637A400EAE312 /* SettingsView.swift */,
				C2F903892C7637A400EAE312 /* SpeedOption.swift */,
				C2F9038A2C7637A400EAE312 /* Theme.swift */,
				C2F903762C76377900EAE312 /* Assets.xcassets */,
				C2F903782C76377900EAE312 /* Preview Content */,
			);
			path = "Snel Watch App";
			sourceTree = "<group>";
		};
		C2F903782C76377900EAE312 /* Preview Content */ = {
			isa = PBXGroup;
			children = (
				C2F903792C76377900EAE312 /* Preview Assets.xcassets */,
			);
			path = "Preview Content";
			sourceTree = "<group>";
		};
		C2F903952C7637C400EAE312 /* Frameworks */ = {
			isa = PBXGroup;
			children = (
				C2F903962C7637C400EAE312 /* WidgetKit.framework */,
				C2F903982C7637C400EAE312 /* SwiftUI.framework */,
			);
			name = Frameworks;
			sourceTree = "<group>";
		};
		C2F9039A2C7637C400EAE312 /* Snel Complication */ = {
			isa = PBXGroup;
			children = (
				C2F903A72C7637CF00EAE312 /* Snel_Complication.swift */,
				C2F9039D2C7637C500EAE312 /* Assets.xcassets */,
				C2F9039F2C7637C500EAE312 /* Info.plist */,
			);
			path = "Snel Complication";
			sourceTree = "<group>";
		};
/* End PBXGroup section */

/* Begin PBXNativeTarget section */
		C2F9036E2C76377800EAE312 /* Snel Watch App */ = {
			isa = PBXNativeTarget;
			buildConfigurationList = C2F9037D2C76377900EAE312 /* Build configuration list for PBXNativeTarget "Snel Watch App" */;
			buildPhases = (
				C2F9036B2C76377800EAE312 /* Sources */,
				C2F9036C2C76377800EAE312 /* Frameworks */,
				C2F9036D2C76377800EAE312 /* Resources */,
				C2F903A62C7637C500EAE312 /* Embed Foundation Extensions */,
			);
			buildRules = (
			);
			dependencies = (
				C2F903A12C7637C500EAE312 /* PBXTargetDependency */,
			);
			name = "Snel Watch App";
			packageProductDependencies = (
				C2F903AA2C76381600EAE312 /* Defaults */,
			);
			productName = "Snel Watch App";
			productReference = C2F9036F2C76377800EAE312 /* Snel Watch App.app */;
			productType = "com.apple.product-type.application";
		};
		C2F903932C7637C400EAE312 /* Snel ComplicationExtension */ = {
			isa = PBXNativeTarget;
			buildConfigurationList = C2F903A32C7637C500EAE312 /* Build configuration list for PBXNativeTarget "Snel ComplicationExtension" */;
			buildPhases = (
				C2F903902C7637C400EAE312 /* Sources */,
				C2F903912C7637C400EAE312 /* Frameworks */,
				C2F903922C7637C400EAE312 /* Resources */,
			);
			buildRules = (
			);
			dependencies = (
			);
			name = "Snel ComplicationExtension";
			productName = "Snel ComplicationExtension";
			productReference = C2F903942C7637C400EAE312 /* Snel ComplicationExtension.appex */;
			productType = "com.apple.product-type.app-extension";
		};
/* End PBXNativeTarget section */

/* Begin PBXProject section */
		C2F903672C76377800EAE312 /* Project object */ = {
			isa = PBXProject;
			attributes = {
				BuildIndependentTargetsInParallel = 1;
				LastSwiftUpdateCheck = 1530;
				LastUpgradeCheck = 1530;
				TargetAttributes = {
					C2F9036E2C76377800EAE312 = {
						CreatedOnToolsVersion = 15.3;
					};
					C2F903932C7637C400EAE312 = {
						CreatedOnToolsVersion = 15.3;
					};
				};
			};
			buildConfigurationList = C2F9036A2C76377800EAE312 /* Build configuration list for PBXProject "Snel" */;
			compatibilityVersion = "Xcode 14.0";
			developmentRegion = en;
			hasScannedForEncodings = 0;
			knownRegions = (
				en,
				Base,
			);
			mainGroup = C2F903662C76377800EAE312;
			packageReferences = (
				C2F903A92C76381600EAE312 /* XCRemoteSwiftPackageReference "Defaults" */,
			);
			productRefGroup = C2F903702C76377800EAE312 /* Products */;
			projectDirPath = "";
			projectRoot = "";
			targets = (
				C2F9036E2C76377800EAE312 /* Snel Watch App */,
				C2F903932C7637C400EAE312 /* Snel ComplicationExtension */,
			);
		};
/* End PBXProject section */

/* Begin PBXResourcesBuildPhase section */
		C2F9036D2C76377800EAE312 /* Resources */ = {
			isa = PBXResourcesBuildPhase;
			buildActionMask = 2147483647;
			files = (
				C2F9037A2C76377900EAE312 /* Preview Assets.xcassets in Resources */,
				C2F903772C76377900EAE312 /* Assets.xcassets in Resources */,
			);
			runOnlyForDeploymentPostprocessing = 0;
		};
		C2F903922C7637C400EAE312 /* Resources */ = {
			isa = PBXResourcesBuildPhase;
			buildActionMask = 2147483647;
			files = (
				C2F9039E2C7637C500EAE312 /* Assets.xcassets in Resources */,
			);
			runOnlyForDeploymentPostprocessing = 0;
		};
/* End PBXResourcesBuildPhase section */

/* Begin PBXSourcesBuildPhase section */
		C2F9036B2C76377800EAE312 /* Sources */ = {
			isa = PBXSourcesBuildPhase;
			buildActionMask = 2147483647;
			files = (
				C2F903852C76379F00EAE312 /* DisplayMode.swift in Sources */,
				C2F9038E2C7637A400EAE312 /* Theme.swift in Sources */,
				C2F903842C76379F00EAE312 /* LocationManager.swift in Sources */,
				C2F9038D2C7637A400EAE312 /* SpeedOption.swift in Sources */,
				C2F903872C76379F00EAE312 /* Defaults.swift in Sources */,
				C2F9038C2C7637A400EAE312 /* SettingsView.swift in Sources */,
				C2F903862C76379F00EAE312 /* ContentView.swift in Sources */,
				C2F903732C76377800EAE312 /* SnelApp.swift in Sources */,
			);
			runOnlyForDeploymentPostprocessing = 0;
		};
		C2F903902C7637C400EAE312 /* Sources */ = {
			isa = PBXSourcesBuildPhase;
			buildActionMask = 2147483647;
			files = (
				C2F903A82C7637CF00EAE312 /* Snel_Complication.swift in Sources */,
			);
			runOnlyForDeploymentPostprocessing = 0;
		};
/* End PBXSourcesBuildPhase section */

/* Begin PBXTargetDependency section */
		C2F903A12C7637C500EAE312 /* PBXTargetDependency */ = {
			isa = PBXTargetDependency;
			target = C2F903932C7637C400EAE312 /* Snel ComplicationExtension */;
			targetProxy = C2F903A02C7637C500EAE312 /* PBXContainerItemProxy */;
		};
/* End PBXTargetDependency section */

/* Begin XCBuildConfiguration section */
		C2F9037B2C76377900EAE312 /* Debug */ = {
			isa = XCBuildConfiguration;
			buildSettings = {
				ALWAYS_SEARCH_USER_PATHS = NO;
				ASSETCATALOG_COMPILER_GENERATE_SWIFT_ASSET_SYMBOL_EXTENSIONS = YES;
				CLANG_ANALYZER_NONNULL = YES;
				CLANG_ANALYZER_NUMBER_OBJECT_CONVERSION = YES_AGGRESSIVE;
				CLANG_CXX_LANGUAGE_STANDARD = "gnu++20";
				CLANG_ENABLE_MODULES = YES;
				CLANG_ENABLE_OBJC_ARC = YES;
				CLANG_ENABLE_OBJC_WEAK = YES;
				CLANG_WARN_BLOCK_CAPTURE_AUTORELEASING = YES;
				CLANG_WARN_BOOL_CONVERSION = YES;
				CLANG_WARN_COMMA = YES;
				CLANG_WARN_CONSTANT_CONVERSION = YES;
				CLANG_WARN_DEPRECATED_OBJC_IMPLEMENTATIONS = YES;
				CLANG_WARN_DIRECT_OBJC_ISA_USAGE = YES_ERROR;
				CLANG_WARN_DOCUMENTATION_COMMENTS = YES;
				CLANG_WARN_EMPTY_BODY = YES;
				CLANG_WARN_ENUM_CONVERSION = YES;
				CLANG_WARN_INFINITE_RECURSION = YES;
				CLANG_WARN_INT_CONVERSION = YES;
				CLANG_WARN_NON_LITERAL_NULL_CONVERSION = YES;
				CLANG_WARN_OBJC_IMPLICIT_RETAIN_SELF = YES;
				CLANG_WARN_OBJC_LITERAL_CONVERSION = YES;
				CLANG_WARN_OBJC_ROOT_CLASS = YES_ERROR;
				CLANG_WARN_QUOTED_INCLUDE_IN_FRAMEWORK_HEADER = YES;
				CLANG_WARN_RANGE_LOOP_ANALYSIS = YES;
				CLANG_WARN_STRICT_PROTOTYPES = YES;
				CLANG_WARN_SUSPICIOUS_MOVE = YES;
				CLANG_WARN_UNGUARDED_AVAILABILITY = YES_AGGRESSIVE;
				CLANG_WARN_UNREACHABLE_CODE = YES;
				CLANG_WARN__DUPLICATE_METHOD_MATCH = YES;
				COPY_PHASE_STRIP = NO;
				DEBUG_INFORMATION_FORMAT = dwarf;
				ENABLE_STRICT_OBJC_MSGSEND = YES;
				ENABLE_TESTABILITY = YES;
				ENABLE_USER_SCRIPT_SANDBOXING = YES;
				GCC_C_LANGUAGE_STANDARD = gnu17;
				GCC_DYNAMIC_NO_PIC = NO;
				GCC_NO_COMMON_BLOCKS = YES;
				GCC_OPTIMIZATION_LEVEL = 0;
				GCC_PREPROCESSOR_DEFINITIONS = (
					"DEBUG=1",
					"$(inherited)",
				);
				GCC_WARN_64_TO_32_BIT_CONVERSION = YES;
				GCC_WARN_ABOUT_RETURN_TYPE = YES_ERROR;
				GCC_WARN_UNDECLARED_SELECTOR = YES;
				GCC_WARN_UNINITIALIZED_AUTOS = YES_AGGRESSIVE;
				GCC_WARN_UNUSED_FUNCTION = YES;
				GCC_WARN_UNUSED_VARIABLE = YES;
				LOCALIZATION_PREFERS_STRING_CATALOGS = YES;
				MTL_ENABLE_DEBUG_INFO = INCLUDE_SOURCE;
				MTL_FAST_MATH = YES;
				ONLY_ACTIVE_ARCH = YES;
				SWIFT_ACTIVE_COMPILATION_CONDITIONS = "DEBUG $(inherited)";
				SWIFT_OPTIMIZATION_LEVEL = "-Onone";
			};
			name = Debug;
		};
		C2F9037C2C76377900EAE312 /* Release */ = {
			isa = XCBuildConfiguration;
			buildSettings = {
				ALWAYS_SEARCH_USER_PATHS = NO;
				ASSETCATALOG_COMPILER_GENERATE_SWIFT_ASSET_SYMBOL_EXTENSIONS = YES;
				CLANG_ANALYZER_NONNULL = YES;
				CLANG_ANALYZER_NUMBER_OBJECT_CONVERSION = YES_AGGRESSIVE;
				CLANG_CXX_LANGUAGE_STANDARD = "gnu++20";
				CLANG_ENABLE_MODULES = YES;
				CLANG_ENABLE_OBJC_ARC = YES;
				CLANG_ENABLE_OBJC_WEAK = YES;
				CLANG_WARN_BLOCK_CAPTURE_AUTORELEASING = YES;
				CLANG_WARN_BOOL_CONVERSION = YES;
				CLANG_WARN_COMMA = YES;
				CLANG_WARN_CONSTANT_CONVERSION = YES;
				CLANG_WARN_DEPRECATED_OBJC_IMPLEMENTATIONS = YES;
				CLANG_WARN_DIRECT_OBJC_ISA_USAGE = YES_ERROR;
				CLANG_WARN_DOCUMENTATION_COMMENTS = YES;
				CLANG_WARN_EMPTY_BODY = YES;
				CLANG_WARN_ENUM_CONVERSION = YES;
				CLANG_WARN_INFINITE_RECURSION = YES;
				CLANG_WARN_INT_CONVERSION = YES;
				CLANG_WARN_NON_LITERAL_NULL_CONVERSION = YES;
				CLANG_WARN_OBJC_IMPLICIT_RETAIN_SELF = YES;
				CLANG_WARN_OBJC_LITERAL_CONVERSION = YES;
				CLANG_WARN_OBJC_ROOT_CLASS = YES_ERROR;
				CLANG_WARN_QUOTED_INCLUDE_IN_FRAMEWORK_HEADER = YES;
				CLANG_WARN_RANGE_LOOP_ANALYSIS = YES;
				CLANG_WARN_STRICT_PROTOTYPES = YES;
				CLANG_WARN_SUSPICIOUS_MOVE = YES;
				CLANG_WARN_UNGUARDED_AVAILABILITY = YES_AGGRESSIVE;
				CLANG_WARN_UNREACHABLE_CODE = YES;
				CLANG_WARN__DUPLICATE_METHOD_MATCH = YES;
				COPY_PHASE_STRIP = NO;
				DEBUG_INFORMATION_FORMAT = "dwarf-with-dsym";
				ENABLE_NS_ASSERTIONS = NO;
				ENABLE_STRICT_OBJC_MSGSEND = YES;
				ENABLE_USER_SCRIPT_SANDBOXING = YES;
				GCC_C_LANGUAGE_STANDARD = gnu17;
				GCC_NO_COMMON_BLOCKS = YES;
				GCC_WARN_64_TO_32_BIT_CONVERSION = YES;
				GCC_WARN_ABOUT_RETURN_TYPE = YES_ERROR;
				GCC_WARN_UNDECLARED_SELECTOR = YES;
				GCC_WARN_UNINITIALIZED_AUTOS = YES_AGGRESSIVE;
				GCC_WARN_UNUSED_FUNCTION = YES;
				GCC_WARN_UNUSED_VARIABLE = YES;
				LOCALIZATION_PREFERS_STRING_CATALOGS = YES;
				MTL_ENABLE_DEBUG_INFO = NO;
				MTL_FAST_MATH = YES;
				SWIFT_COMPILATION_MODE = wholemodule;
			};
			name = Release;
		};
		C2F9037E2C76377900EAE312 /* Debug */ = {
			isa = XCBuildConfiguration;
			buildSettings = {
				ALWAYS_EMBED_SWIFT_STANDARD_LIBRARIES = YES;
				ASSETCATALOG_COMPILER_APPICON_NAME = AppIcon;
				ASSETCATALOG_COMPILER_GLOBAL_ACCENT_COLOR_NAME = AccentColor;
				CODE_SIGN_STYLE = Automatic;
				CURRENT_PROJECT_VERSION = 1;
				DEVELOPMENT_ASSET_PATHS = "\"Snel Watch App/Preview Content\"";
				DEVELOPMENT_TEAM = 8Q7TMPA46J;
				ENABLE_PREVIEWS = YES;
				GENERATE_INFOPLIST_FILE = YES;
				INFOPLIST_KEY_CFBundleDisplayName = Snel;
				INFOPLIST_KEY_UISupportedInterfaceOrientations = "UIInterfaceOrientationPortrait UIInterfaceOrientationPortraitUpsideDown";
				INFOPLIST_KEY_WKCompanionAppBundleIdentifier = "";
				LD_RUNPATH_SEARCH_PATHS = (
					"$(inherited)",
					"@executable_path/Frameworks",
				);
				MARKETING_VERSION = 1.0;
				PRODUCT_BUNDLE_IDENTIFIER = .watchkitapp;
				PRODUCT_NAME = "$(TARGET_NAME)";
				SDKROOT = watchos;
				SKIP_INSTALL = YES;
				SWIFT_EMIT_LOC_STRINGS = YES;
				SWIFT_VERSION = 5.0;
				TARGETED_DEVICE_FAMILY = 4;
				WATCHOS_DEPLOYMENT_TARGET = 10.4;
			};
			name = Debug;
		};
		C2F9037F2C76377900EAE312 /* Release */ = {
			isa = XCBuildConfiguration;
			buildSettings = {
				ALWAYS_EMBED_SWIFT_STANDARD_LIBRARIES = YES;
				ASSETCATALOG_COMPILER_APPICON_NAME = AppIcon;
				ASSETCATALOG_COMPILER_GLOBAL_ACCENT_COLOR_NAME = AccentColor;
				CODE_SIGN_STYLE = Automatic;
				CURRENT_PROJECT_VERSION = 1;
				DEVELOPMENT_ASSET_PATHS = "\"Snel Watch App/Preview Content\"";
				DEVELOPMENT_TEAM = 8Q7TMPA46J;
				ENABLE_PREVIEWS = YES;
				GENERATE_INFOPLIST_FILE = YES;
				INFOPLIST_KEY_CFBundleDisplayName = Snel;
				INFOPLIST_KEY_UISupportedInterfaceOrientations = "UIInterfaceOrientationPortrait UIInterfaceOrientationPortraitUpsideDown";
				INFOPLIST_KEY_WKCompanionAppBundleIdentifier = "";
				LD_RUNPATH_SEARCH_PATHS = (
					"$(inherited)",
					"@executable_path/Frameworks",
				);
				MARKETING_VERSION = 1.0;
				PRODUCT_BUNDLE_IDENTIFIER = .watchkitapp;
				PRODUCT_NAME = "$(TARGET_NAME)";
				SDKROOT = watchos;
				SKIP_INSTALL = YES;
				SWIFT_EMIT_LOC_STRINGS = YES;
				SWIFT_VERSION = 5.0;
				TARGETED_DEVICE_FAMILY = 4;
				VALIDATE_PRODUCT = YES;
				WATCHOS_DEPLOYMENT_TARGET = 10.4;
			};
			name = Release;
		};
		C2F903A42C7637C500EAE312 /* Debug */ = {
			isa = XCBuildConfiguration;
			buildSettings = {
				ASSETCATALOG_COMPILER_GLOBAL_ACCENT_COLOR_NAME = AccentColor;
				ASSETCATALOG_COMPILER_WIDGET_BACKGROUND_COLOR_NAME = WidgetBackground;
				CODE_SIGN_STYLE = Automatic;
				CURRENT_PROJECT_VERSION = 1;
				DEVELOPMENT_TEAM = 8Q7TMPA46J;
				GENERATE_INFOPLIST_FILE = YES;
				INFOPLIST_FILE = "Snel Complication/Info.plist";
				INFOPLIST_KEY_CFBundleDisplayName = "Snel Complication";
				INFOPLIST_KEY_NSHumanReadableCopyright = "";
				LD_RUNPATH_SEARCH_PATHS = (
					"$(inherited)",
					"@executable_path/Frameworks",
					"@executable_path/../../Frameworks",
					"@executable_path/../../../../Frameworks",
				);
				MARKETING_VERSION = 1.0;
				PRODUCT_BUNDLE_IDENTIFIER = ".watchkitapp.Snel-Complication";
				PRODUCT_NAME = "$(TARGET_NAME)";
				SDKROOT = watchos;
				SKIP_INSTALL = YES;
				SWIFT_EMIT_LOC_STRINGS = YES;
				SWIFT_VERSION = 5.0;
				TARGETED_DEVICE_FAMILY = 4;
				WATCHOS_DEPLOYMENT_TARGET = 10.4;
			};
			name = Debug;
		};
		C2F903A52C7637C500EAE312 /* Release */ = {
			isa = XCBuildConfiguration;
			buildSettings = {
				ASSETCATALOG_COMPILER_GLOBAL_ACCENT_COLOR_NAME = AccentColor;
				ASSETCATALOG_COMPILER_WIDGET_BACKGROUND_COLOR_NAME = WidgetBackground;
				CODE_SIGN_STYLE = Automatic;
				CURRENT_PROJECT_VERSION = 1;
				DEVELOPMENT_TEAM = 8Q7TMPA46J;
				GENERATE_INFOPLIST_FILE = YES;
				INFOPLIST_FILE = "Snel Complication/Info.plist";
				INFOPLIST_KEY_CFBundleDisplayName = "Snel Complication";
				INFOPLIST_KEY_NSHumanReadableCopyright = "";
				LD_RUNPATH_SEARCH_PATHS = (
					"$(inherited)",
					"@executable_path/Frameworks",
					"@executable_path/../../Frameworks",
					"@executable_path/../../../../Frameworks",
				);
				MARKETING_VERSION = 1.0;
				PRODUCT_BUNDLE_IDENTIFIER = ".watchkitapp.Snel-Complication";
				PRODUCT_NAME = "$(TARGET_NAME)";
				SDKROOT = watchos;
				SKIP_INSTALL = YES;
				SWIFT_EMIT_LOC_STRINGS = YES;
				SWIFT_VERSION = 5.0;
				TARGETED_DEVICE_FAMILY = 4;
				VALIDATE_PRODUCT = YES;
				WATCHOS_DEPLOYMENT_TARGET = 10.4;
			};
			name = Release;
		};
/* End XCBuildConfiguration section */

/* Begin XCConfigurationList section */
		C2F9036A2C76377800EAE312 /* Build configuration list for PBXProject "Snel" */ = {
			isa = XCConfigurationList;
			buildConfigurations = (
				C2F9037B2C76377900EAE312 /* Debug */,
				C2F9037C2C76377900EAE312 /* Release */,
			);
			defaultConfigurationIsVisible = 0;
			defaultConfigurationName = Release;
		};
		C2F9037D2C76377900EAE312 /* Build configuration list for PBXNativeTarget "Snel Watch App" */ = {
			isa = XCConfigurationList;
			buildConfigurations = (
				C2F9037E2C76377900EAE312 /* Debug */,
				C2F9037F2C76377900EAE312 /* Release */,
			);
			defaultConfigurationIsVisible = 0;
			defaultConfigurationName = Release;
		};
		C2F903A32C7637C500EAE312 /* Build configuration list for PBXNativeTarget "Snel ComplicationExtension" */ = {
			isa = XCConfigurationList;
			buildConfigurations = (
				C2F903A42C7637C500EAE312 /* Debug */,
				C2F903A52C7637C500EAE312 /* Release */,
			);
			defaultConfigurationIsVisible = 0;
			defaultConfigurationName = Release;
		};
/* End XCConfigurationList section */

/* Begin XCRemoteSwiftPackageReference section */
		C2F903A92C76381600EAE312 /* XCRemoteSwiftPackageReference "Defaults" */ = {
			isa = XCRemoteSwiftPackageReference;
			repositoryURL = "https://github.com/sindresorhus/Defaults";
			requirement = {
				branch = main;
				kind = branch;
			};
		};
/* End XCRemoteSwiftPackageReference section */

/* Begin XCSwiftPackageProductDependency section */
		C2F903AA2C76381600EAE312 /* Defaults */ = {
			isa = XCSwiftPackageProductDependency;
			package = C2F903A92C76381600EAE312 /* XCRemoteSwiftPackageReference "Defaults" */;
			productName = Defaults;
		};
/* End XCSwiftPackageProductDependency section */
	};
	rootObject = C2F903672C76377800EAE312 /* Project object */;
}
