// !$*UTF8*$!
{
	archiveVersion = 1;
	classes = {
	};
	objectVersion = 56;
	objects = {

/* Begin PBXBuildFile section */
		C2ADA4252C75EECF00179D5F /* LocationManager.swift in Sources */ = {isa = PBXBuildFile; fileRef = C2ADA4242C75EECF00179D5F /* LocationManager.swift */; };
		C2ADA4262C75EECF00179D5F /* LocationManager.swift in Sources */ = {isa = PBXBuildFile; fileRef = C2ADA4242C75EECF00179D5F /* LocationManager.swift */; };
		C2ADA4282C75EFAC00179D5F /* DisplayMode.swift in Sources */ = {isa = PBXBuildFile; fileRef = C2ADA4272C75EFAC00179D5F /* DisplayMode.swift */; };
		C2ADA4292C75EFAC00179D5F /* DisplayMode.swift in Sources */ = {isa = PBXBuildFile; fileRef = C2ADA4272C75EFAC00179D5F /* DisplayMode.swift */; };
		C2ADA42C2C76118E00179D5F /* Defaults in Frameworks */ = {isa = PBXBuildFile; productRef = C2ADA42B2C76118E00179D5F /* Defaults */; };
		C2ADA42F2C76119900179D5F /* Defaults in Frameworks */ = {isa = PBXBuildFile; productRef = C2ADA42E2C76119900179D5F /* Defaults */; };
		C2ADA4312C7611A200179D5F /* Defaults.swift in Sources */ = {isa = PBXBuildFile; fileRef = C2ADA4302C7611A200179D5F /* Defaults.swift */; };
		C2ADA4322C7611A200179D5F /* Defaults.swift in Sources */ = {isa = PBXBuildFile; fileRef = C2ADA4302C7611A200179D5F /* Defaults.swift */; };
		C2ADA4342C7611C900179D5F /* SpeedOption.swift in Sources */ = {isa = PBXBuildFile; fileRef = C2ADA4332C7611C900179D5F /* SpeedOption.swift */; };
		C2ADA4352C7611C900179D5F /* SpeedOption.swift in Sources */ = {isa = PBXBuildFile; fileRef = C2ADA4332C7611C900179D5F /* SpeedOption.swift */; };
		C2ADA4372C76229900179D5F /* SettingsView.swift in Sources */ = {isa = PBXBuildFile; fileRef = C2ADA4362C76229900179D5F /* SettingsView.swift */; };
		C2ADA4382C76229900179D5F /* SettingsView.swift in Sources */ = {isa = PBXBuildFile; fileRef = C2ADA4362C76229900179D5F /* SettingsView.swift */; };
		C2DDE21D2C6BFE3000132FB4 /* SnelApp.swift in Sources */ = {isa = PBXBuildFile; fileRef = C2DDE21C2C6BFE3000132FB4 /* SnelApp.swift */; };
		C2DDE21F2C6BFE3000132FB4 /* ContentView.swift in Sources */ = {isa = PBXBuildFile; fileRef = C2DDE21E2C6BFE3000132FB4 /* ContentView.swift */; };
		C2DDE2212C6BFE3100132FB4 /* Assets.xcassets in Resources */ = {isa = PBXBuildFile; fileRef = C2DDE2202C6BFE3100132FB4 /* Assets.xcassets */; };
		C2DDE2242C6BFE3100132FB4 /* Preview Assets.xcassets in Resources */ = {isa = PBXBuildFile; fileRef = C2DDE2232C6BFE3100132FB4 /* Preview Assets.xcassets */; };
		C2DDE22B2C6BFE3D00132FB4 /* Maastricht.gpx in Resources */ = {isa = PBXBuildFile; fileRef = C2DDE22A2C6BFE3D00132FB4 /* Maastricht.gpx */; };
		C2DDE22D2C6C000E00132FB4 /* artis-slowspeed.gpx in Resources */ = {isa = PBXBuildFile; fileRef = C2DDE22C2C6C000E00132FB4 /* artis-slowspeed.gpx */; };
		C2DDE2352C6C06ED00132FB4 /* Snel_WatchApp.swift in Sources */ = {isa = PBXBuildFile; fileRef = C2DDE2342C6C06ED00132FB4 /* Snel_WatchApp.swift */; };
		C2DDE2372C6C06ED00132FB4 /* ContentView.swift in Sources */ = {isa = PBXBuildFile; fileRef = C2DDE2362C6C06ED00132FB4 /* ContentView.swift */; };
		C2DDE2392C6C06EE00132FB4 /* Assets.xcassets in Resources */ = {isa = PBXBuildFile; fileRef = C2DDE2382C6C06EE00132FB4 /* Assets.xcassets */; };
		C2DDE23C2C6C06EE00132FB4 /* Preview Assets.xcassets in Resources */ = {isa = PBXBuildFile; fileRef = C2DDE23B2C6C06EE00132FB4 /* Preview Assets.xcassets */; };
		C2DDE23F2C6C06EE00132FB4 /* Snel Watch Watch App.app in Embed Watch Content */ = {isa = PBXBuildFile; fileRef = C2DDE2322C6C06ED00132FB4 /* Snel Watch Watch App.app */; settings = {ATTRIBUTES = (RemoveHeadersOnCopy, ); }; };
/* End PBXBuildFile section */

/* Begin PBXContainerItemProxy section */
		C2DDE23D2C6C06EE00132FB4 /* PBXContainerItemProxy */ = {
			isa = PBXContainerItemProxy;
			containerPortal = C2DDE2112C6BFE3000132FB4 /* Project object */;
			proxyType = 1;
			remoteGlobalIDString = C2DDE2312C6C06ED00132FB4;
			remoteInfo = "Snel Watch Watch App";
		};
/* End PBXContainerItemProxy section */

/* Begin PBXCopyFilesBuildPhase section */
		C2DDE2432C6C06EE00132FB4 /* Embed Watch Content */ = {
			isa = PBXCopyFilesBuildPhase;
			buildActionMask = 2147483647;
			dstPath = "$(CONTENTS_FOLDER_PATH)/Watch";
			dstSubfolderSpec = 16;
			files = (
				C2DDE23F2C6C06EE00132FB4 /* Snel Watch Watch App.app in Embed Watch Content */,
			);
			name = "Embed Watch Content";
			runOnlyForDeploymentPostprocessing = 0;
		};
/* End PBXCopyFilesBuildPhase section */

/* Begin PBXFileReference section */
		C2ADA4242C75EECF00179D5F /* LocationManager.swift */ = {isa = PBXFileReference; lastKnownFileType = sourcecode.swift; path = LocationManager.swift; sourceTree = "<group>"; };
		C2ADA4272C75EFAC00179D5F /* DisplayMode.swift */ = {isa = PBXFileReference; lastKnownFileType = sourcecode.swift; path = DisplayMode.swift; sourceTree = "<group>"; };
		C2ADA4302C7611A200179D5F /* Defaults.swift */ = {isa = PBXFileReference; lastKnownFileType = sourcecode.swift; path = Defaults.swift; sourceTree = "<group>"; };
		C2ADA4332C7611C900179D5F /* SpeedOption.swift */ = {isa = PBXFileReference; lastKnownFileType = sourcecode.swift; path = SpeedOption.swift; sourceTree = "<group>"; };
		C2ADA4362C76229900179D5F /* SettingsView.swift */ = {isa = PBXFileReference; lastKnownFileType = sourcecode.swift; path = SettingsView.swift; sourceTree = "<group>"; };
		C2DDE2192C6BFE3000132FB4 /* Snel.app */ = {isa = PBXFileReference; explicitFileType = wrapper.application; includeInIndex = 0; path = Snel.app; sourceTree = BUILT_PRODUCTS_DIR; };
		C2DDE21C2C6BFE3000132FB4 /* SnelApp.swift */ = {isa = PBXFileReference; lastKnownFileType = sourcecode.swift; path = SnelApp.swift; sourceTree = "<group>"; };
		C2DDE21E2C6BFE3000132FB4 /* ContentView.swift */ = {isa = PBXFileReference; lastKnownFileType = sourcecode.swift; path = ContentView.swift; sourceTree = "<group>"; };
		C2DDE2202C6BFE3100132FB4 /* Assets.xcassets */ = {isa = PBXFileReference; lastKnownFileType = folder.assetcatalog; path = Assets.xcassets; sourceTree = "<group>"; };
		C2DDE2232C6BFE3100132FB4 /* Preview Assets.xcassets */ = {isa = PBXFileReference; lastKnownFileType = folder.assetcatalog; path = "Preview Assets.xcassets"; sourceTree = "<group>"; };
		C2DDE22A2C6BFE3D00132FB4 /* Maastricht.gpx */ = {isa = PBXFileReference; fileEncoding = 4; lastKnownFileType = text.xml; path = Maastricht.gpx; sourceTree = "<group>"; };
		C2DDE22C2C6C000E00132FB4 /* artis-slowspeed.gpx */ = {isa = PBXFileReference; fileEncoding = 4; lastKnownFileType = text; path = "artis-slowspeed.gpx"; sourceTree = "<group>"; };
		C2DDE2322C6C06ED00132FB4 /* Snel Watch Watch App.app */ = {isa = PBXFileReference; explicitFileType = wrapper.application; includeInIndex = 0; path = "Snel Watch Watch App.app"; sourceTree = BUILT_PRODUCTS_DIR; };
		C2DDE2342C6C06ED00132FB4 /* Snel_WatchApp.swift */ = {isa = PBXFileReference; lastKnownFileType = sourcecode.swift; path = Snel_WatchApp.swift; sourceTree = "<group>"; };
		C2DDE2362C6C06ED00132FB4 /* ContentView.swift */ = {isa = PBXFileReference; lastKnownFileType = sourcecode.swift; path = ContentView.swift; sourceTree = "<group>"; };
		C2DDE2382C6C06EE00132FB4 /* Assets.xcassets */ = {isa = PBXFileReference; lastKnownFileType = folder.assetcatalog; path = Assets.xcassets; sourceTree = "<group>"; };
		C2DDE23B2C6C06EE00132FB4 /* Preview Assets.xcassets */ = {isa = PBXFileReference; lastKnownFileType = folder.assetcatalog; path = "Preview Assets.xcassets"; sourceTree = "<group>"; };
/* End PBXFileReference section */

/* Begin PBXFrameworksBuildPhase section */
		C2DDE2162C6BFE3000132FB4 /* Frameworks */ = {
			isa = PBXFrameworksBuildPhase;
			buildActionMask = 2147483647;
			files = (
				C2ADA42F2C76119900179D5F /* Defaults in Frameworks */,
			);
			runOnlyForDeploymentPostprocessing = 0;
		};
		C2DDE22F2C6C06ED00132FB4 /* Frameworks */ = {
			isa = PBXFrameworksBuildPhase;
			buildActionMask = 2147483647;
			files = (
				C2ADA42C2C76118E00179D5F /* Defaults in Frameworks */,
			);
			runOnlyForDeploymentPostprocessing = 0;
		};
/* End PBXFrameworksBuildPhase section */

/* Begin PBXGroup section */
		C2ADA42D2C76119900179D5F /* Frameworks */ = {
			isa = PBXGroup;
			children = (
			);
			name = Frameworks;
			sourceTree = "<group>";
		};
		C2DDE2102C6BFE3000132FB4 = {
			isa = PBXGroup;
			children = (
				C2DDE21B2C6BFE3000132FB4 /* Snel */,
				C2DDE2332C6C06ED00132FB4 /* Snel Watch Watch App */,
				C2DDE21A2C6BFE3000132FB4 /* Products */,
				C2ADA42D2C76119900179D5F /* Frameworks */,
			);
			sourceTree = "<group>";
		};
		C2DDE21A2C6BFE3000132FB4 /* Products */ = {
			isa = PBXGroup;
			children = (
				C2DDE2192C6BFE3000132FB4 /* Snel.app */,
				C2DDE2322C6C06ED00132FB4 /* Snel Watch Watch App.app */,
			);
			name = Products;
			sourceTree = "<group>";
		};
		C2DDE21B2C6BFE3000132FB4 /* Snel */ = {
			isa = PBXGroup;
			children = (
				C2DDE21C2C6BFE3000132FB4 /* SnelApp.swift */,
				C2DDE21E2C6BFE3000132FB4 /* ContentView.swift */,
				C2ADA4242C75EECF00179D5F /* LocationManager.swift */,
				C2ADA4272C75EFAC00179D5F /* DisplayMode.swift */,
				C2ADA4302C7611A200179D5F /* Defaults.swift */,
				C2ADA4362C76229900179D5F /* SettingsView.swift */,
				C2ADA4332C7611C900179D5F /* SpeedOption.swift */,
				C2DDE22A2C6BFE3D00132FB4 /* Maastricht.gpx */,
				C2DDE22C2C6C000E00132FB4 /* artis-slowspeed.gpx */,
				C2DDE2202C6BFE3100132FB4 /* Assets.xcassets */,
				C2DDE2222C6BFE3100132FB4 /* Preview Content */,
			);
			path = Snel;
			sourceTree = "<group>";
		};
		C2DDE2222C6BFE3100132FB4 /* Preview Content */ = {
			isa = PBXGroup;
			children = (
				C2DDE2232C6BFE3100132FB4 /* Preview Assets.xcassets */,
			);
			path = "Preview Content";
			sourceTree = "<group>";
		};
		C2DDE2332C6C06ED00132FB4 /* Snel Watch Watch App */ = {
			isa = PBXGroup;
			children = (
				C2DDE2342C6C06ED00132FB4 /* Snel_WatchApp.swift */,
				C2DDE2362C6C06ED00132FB4 /* ContentView.swift */,
				C2DDE2382C6C06EE00132FB4 /* Assets.xcassets */,
				C2DDE23A2C6C06EE00132FB4 /* Preview Content */,
			);
			path = "Snel Watch Watch App";
			sourceTree = "<group>";
		};
		C2DDE23A2C6C06EE00132FB4 /* Preview Content */ = {
			isa = PBXGroup;
			children = (
				C2DDE23B2C6C06EE00132FB4 /* Preview Assets.xcassets */,
			);
			path = "Preview Content";
			sourceTree = "<group>";
		};
/* End PBXGroup section */

/* Begin PBXNativeTarget section */
		C2DDE2182C6BFE3000132FB4 /* Snel */ = {
			isa = PBXNativeTarget;
			buildConfigurationList = C2DDE2272C6BFE3100132FB4 /* Build configuration list for PBXNativeTarget "Snel" */;
			buildPhases = (
				C2DDE2152C6BFE3000132FB4 /* Sources */,
				C2DDE2162C6BFE3000132FB4 /* Frameworks */,
				C2DDE2172C6BFE3000132FB4 /* Resources */,
				C2DDE2432C6C06EE00132FB4 /* Embed Watch Content */,
			);
			buildRules = (
			);
			dependencies = (
				C2DDE23E2C6C06EE00132FB4 /* PBXTargetDependency */,
			);
			name = Snel;
			packageProductDependencies = (
				C2ADA42E2C76119900179D5F /* Defaults */,
			);
			productName = Snel;
			productReference = C2DDE2192C6BFE3000132FB4 /* Snel.app */;
			productType = "com.apple.product-type.application";
		};
		C2DDE2312C6C06ED00132FB4 /* Snel Watch Watch App */ = {
			isa = PBXNativeTarget;
			buildConfigurationList = C2DDE2402C6C06EE00132FB4 /* Build configuration list for PBXNativeTarget "Snel Watch Watch App" */;
			buildPhases = (
				C2DDE22E2C6C06ED00132FB4 /* Sources */,
				C2DDE22F2C6C06ED00132FB4 /* Frameworks */,
				C2DDE2302C6C06ED00132FB4 /* Resources */,
			);
			buildRules = (
			);
			dependencies = (
			);
			name = "Snel Watch Watch App";
			packageProductDependencies = (
				C2ADA42B2C76118E00179D5F /* Defaults */,
			);
			productName = "Snel Watch Watch App";
			productReference = C2DDE2322C6C06ED00132FB4 /* Snel Watch Watch App.app */;
			productType = "com.apple.product-type.application";
		};
/* End PBXNativeTarget section */

/* Begin PBXProject section */
		C2DDE2112C6BFE3000132FB4 /* Project object */ = {
			isa = PBXProject;
			attributes = {
				BuildIndependentTargetsInParallel = 1;
				LastSwiftUpdateCheck = 1530;
				LastUpgradeCheck = 1530;
				TargetAttributes = {
					C2DDE2182C6BFE3000132FB4 = {
						CreatedOnToolsVersion = 15.3;
					};
					C2DDE2312C6C06ED00132FB4 = {
						CreatedOnToolsVersion = 15.3;
					};
				};
			};
			buildConfigurationList = C2DDE2142C6BFE3000132FB4 /* Build configuration list for PBXProject "Snel" */;
			compatibilityVersion = "Xcode 14.0";
			developmentRegion = en;
			hasScannedForEncodings = 0;
			knownRegions = (
				en,
				Base,
			);
			mainGroup = C2DDE2102C6BFE3000132FB4;
			packageReferences = (
				C2ADA42A2C76118E00179D5F /* XCRemoteSwiftPackageReference "Defaults" */,
			);
			productRefGroup = C2DDE21A2C6BFE3000132FB4 /* Products */;
			projectDirPath = "";
			projectRoot = "";
			targets = (
				C2DDE2182C6BFE3000132FB4 /* Snel */,
				C2DDE2312C6C06ED00132FB4 /* Snel Watch Watch App */,
			);
		};
/* End PBXProject section */

/* Begin PBXResourcesBuildPhase section */
		C2DDE2172C6BFE3000132FB4 /* Resources */ = {
			isa = PBXResourcesBuildPhase;
			buildActionMask = 2147483647;
			files = (
				C2DDE2242C6BFE3100132FB4 /* Preview Assets.xcassets in Resources */,
				C2DDE22B2C6BFE3D00132FB4 /* Maastricht.gpx in Resources */,
				C2DDE22D2C6C000E00132FB4 /* artis-slowspeed.gpx in Resources */,
				C2DDE2212C6BFE3100132FB4 /* Assets.xcassets in Resources */,
			);
			runOnlyForDeploymentPostprocessing = 0;
		};
		C2DDE2302C6C06ED00132FB4 /* Resources */ = {
			isa = PBXResourcesBuildPhase;
			buildActionMask = 2147483647;
			files = (
				C2DDE23C2C6C06EE00132FB4 /* Preview Assets.xcassets in Resources */,
				C2DDE2392C6C06EE00132FB4 /* Assets.xcassets in Resources */,
			);
			runOnlyForDeploymentPostprocessing = 0;
		};
/* End PBXResourcesBuildPhase section */

/* Begin PBXSourcesBuildPhase section */
		C2DDE2152C6BFE3000132FB4 /* Sources */ = {
			isa = PBXSourcesBuildPhase;
			buildActionMask = 2147483647;
			files = (
				C2ADA4372C76229900179D5F /* SettingsView.swift in Sources */,
				C2ADA4342C7611C900179D5F /* SpeedOption.swift in Sources */,
				C2DDE21F2C6BFE3000132FB4 /* ContentView.swift in Sources */,
				C2DDE21D2C6BFE3000132FB4 /* SnelApp.swift in Sources */,
				C2ADA4312C7611A200179D5F /* Defaults.swift in Sources */,
				C2ADA4252C75EECF00179D5F /* LocationManager.swift in Sources */,
				C2ADA4282C75EFAC00179D5F /* DisplayMode.swift in Sources */,
			);
			runOnlyForDeploymentPostprocessing = 0;
		};
		C2DDE22E2C6C06ED00132FB4 /* Sources */ = {
			isa = PBXSourcesBuildPhase;
			buildActionMask = 2147483647;
			files = (
				C2ADA4382C76229900179D5F /* SettingsView.swift in Sources */,
				C2ADA4352C7611C900179D5F /* SpeedOption.swift in Sources */,
				C2DDE2372C6C06ED00132FB4 /* ContentView.swift in Sources */,
				C2DDE2352C6C06ED00132FB4 /* Snel_WatchApp.swift in Sources */,
				C2ADA4322C7611A200179D5F /* Defaults.swift in Sources */,
				C2ADA4262C75EECF00179D5F /* LocationManager.swift in Sources */,
				C2ADA4292C75EFAC00179D5F /* DisplayMode.swift in Sources */,
			);
			runOnlyForDeploymentPostprocessing = 0;
		};
/* End PBXSourcesBuildPhase section */

/* Begin PBXTargetDependency section */
		C2DDE23E2C6C06EE00132FB4 /* PBXTargetDependency */ = {
			isa = PBXTargetDependency;
			target = C2DDE2312C6C06ED00132FB4 /* Snel Watch Watch App */;
			targetProxy = C2DDE23D2C6C06EE00132FB4 /* PBXContainerItemProxy */;
		};
/* End PBXTargetDependency section */

/* Begin XCBuildConfiguration section */
		C2DDE2252C6BFE3100132FB4 /* Debug */ = {
			isa = XCBuildConfiguration;
			buildSettings = {
				ALWAYS_SEARCH_USER_PATHS = NO;
				ASSETCATALOG_COMPILER_GENERATE_SWIFT_ASSET_SYMBOL_EXTENSIONS = YES;
				CLANG_ANALYZER_NONNULL = YES;
				CLANG_ANALYZER_NUMBER_OBJECT_CONVERSION = YES_AGGRESSIVE;
				CLANG_CXX_LANGUAGE_STANDARD = "gnu++20";
				CLANG_ENABLE_MODULES = YES;
				CLANG_ENABLE_OBJC_ARC = YES;
				CLANG_ENABLE_OBJC_WEAK = YES;
				CLANG_WARN_BLOCK_CAPTURE_AUTORELEASING = YES;
				CLANG_WARN_BOOL_CONVERSION = YES;
				CLANG_WARN_COMMA = YES;
				CLANG_WARN_CONSTANT_CONVERSION = YES;
				CLANG_WARN_DEPRECATED_OBJC_IMPLEMENTATIONS = YES;
				CLANG_WARN_DIRECT_OBJC_ISA_USAGE = YES_ERROR;
				CLANG_WARN_DOCUMENTATION_COMMENTS = YES;
				CLANG_WARN_EMPTY_BODY = YES;
				CLANG_WARN_ENUM_CONVERSION = YES;
				CLANG_WARN_INFINITE_RECURSION = YES;
				CLANG_WARN_INT_CONVERSION = YES;
				CLANG_WARN_NON_LITERAL_NULL_CONVERSION = YES;
				CLANG_WARN_OBJC_IMPLICIT_RETAIN_SELF = YES;
				CLANG_WARN_OBJC_LITERAL_CONVERSION = YES;
				CLANG_WARN_OBJC_ROOT_CLASS = YES_ERROR;
				CLANG_WARN_QUOTED_INCLUDE_IN_FRAMEWORK_HEADER = YES;
				CLANG_WARN_RANGE_LOOP_ANALYSIS = YES;
				CLANG_WARN_STRICT_PROTOTYPES = YES;
				CLANG_WARN_SUSPICIOUS_MOVE = YES;
				CLANG_WARN_UNGUARDED_AVAILABILITY = YES_AGGRESSIVE;
				CLANG_WARN_UNREACHABLE_CODE = YES;
				CLANG_WARN__DUPLICATE_METHOD_MATCH = YES;
				COPY_PHASE_STRIP = NO;
				DEBUG_INFORMATION_FORMAT = dwarf;
				ENABLE_STRICT_OBJC_MSGSEND = YES;
				ENABLE_TESTABILITY = YES;
				ENABLE_USER_SCRIPT_SANDBOXING = YES;
				GCC_C_LANGUAGE_STANDARD = gnu17;
				GCC_DYNAMIC_NO_PIC = NO;
				GCC_NO_COMMON_BLOCKS = YES;
				GCC_OPTIMIZATION_LEVEL = 0;
				GCC_PREPROCESSOR_DEFINITIONS = (
					"DEBUG=1",
					"$(inherited)",
				);
				GCC_WARN_64_TO_32_BIT_CONVERSION = YES;
				GCC_WARN_ABOUT_RETURN_TYPE = YES_ERROR;
				GCC_WARN_UNDECLARED_SELECTOR = YES;
				GCC_WARN_UNINITIALIZED_AUTOS = YES_AGGRESSIVE;
				GCC_WARN_UNUSED_FUNCTION = YES;
				GCC_WARN_UNUSED_VARIABLE = YES;
				IPHONEOS_DEPLOYMENT_TARGET = 17.4;
				LOCALIZATION_PREFERS_STRING_CATALOGS = YES;
				MTL_ENABLE_DEBUG_INFO = INCLUDE_SOURCE;
				MTL_FAST_MATH = YES;
				ONLY_ACTIVE_ARCH = YES;
				SDKROOT = iphoneos;
				SWIFT_ACTIVE_COMPILATION_CONDITIONS = "DEBUG $(inherited)";
				SWIFT_OPTIMIZATION_LEVEL = "-Onone";
			};
			name = Debug;
		};
		C2DDE2262C6BFE3100132FB4 /* Release */ = {
			isa = XCBuildConfiguration;
			buildSettings = {
				ALWAYS_SEARCH_USER_PATHS = NO;
				ASSETCATALOG_COMPILER_GENERATE_SWIFT_ASSET_SYMBOL_EXTENSIONS = YES;
				CLANG_ANALYZER_NONNULL = YES;
				CLANG_ANALYZER_NUMBER_OBJECT_CONVERSION = YES_AGGRESSIVE;
				CLANG_CXX_LANGUAGE_STANDARD = "gnu++20";
				CLANG_ENABLE_MODULES = YES;
				CLANG_ENABLE_OBJC_ARC = YES;
				CLANG_ENABLE_OBJC_WEAK = YES;
				CLANG_WARN_BLOCK_CAPTURE_AUTORELEASING = YES;
				CLANG_WARN_BOOL_CONVERSION = YES;
				CLANG_WARN_COMMA = YES;
				CLANG_WARN_CONSTANT_CONVERSION = YES;
				CLANG_WARN_DEPRECATED_OBJC_IMPLEMENTATIONS = YES;
				CLANG_WARN_DIRECT_OBJC_ISA_USAGE = YES_ERROR;
				CLANG_WARN_DOCUMENTATION_COMMENTS = YES;
				CLANG_WARN_EMPTY_BODY = YES;
				CLANG_WARN_ENUM_CONVERSION = YES;
				CLANG_WARN_INFINITE_RECURSION = YES;
				CLANG_WARN_INT_CONVERSION = YES;
				CLANG_WARN_NON_LITERAL_NULL_CONVERSION = YES;
				CLANG_WARN_OBJC_IMPLICIT_RETAIN_SELF = YES;
				CLANG_WARN_OBJC_LITERAL_CONVERSION = YES;
				CLANG_WARN_OBJC_ROOT_CLASS = YES_ERROR;
				CLANG_WARN_QUOTED_INCLUDE_IN_FRAMEWORK_HEADER = YES;
				CLANG_WARN_RANGE_LOOP_ANALYSIS = YES;
				CLANG_WARN_STRICT_PROTOTYPES = YES;
				CLANG_WARN_SUSPICIOUS_MOVE = YES;
				CLANG_WARN_UNGUARDED_AVAILABILITY = YES_AGGRESSIVE;
				CLANG_WARN_UNREACHABLE_CODE = YES;
				CLANG_WARN__DUPLICATE_METHOD_MATCH = YES;
				COPY_PHASE_STRIP = NO;
				DEBUG_INFORMATION_FORMAT = "dwarf-with-dsym";
				ENABLE_NS_ASSERTIONS = NO;
				ENABLE_STRICT_OBJC_MSGSEND = YES;
				ENABLE_USER_SCRIPT_SANDBOXING = YES;
				GCC_C_LANGUAGE_STANDARD = gnu17;
				GCC_NO_COMMON_BLOCKS = YES;
				GCC_WARN_64_TO_32_BIT_CONVERSION = YES;
				GCC_WARN_ABOUT_RETURN_TYPE = YES_ERROR;
				GCC_WARN_UNDECLARED_SELECTOR = YES;
				GCC_WARN_UNINITIALIZED_AUTOS = YES_AGGRESSIVE;
				GCC_WARN_UNUSED_FUNCTION = YES;
				GCC_WARN_UNUSED_VARIABLE = YES;
				IPHONEOS_DEPLOYMENT_TARGET = 17.4;
				LOCALIZATION_PREFERS_STRING_CATALOGS = YES;
				MTL_ENABLE_DEBUG_INFO = NO;
				MTL_FAST_MATH = YES;
				SDKROOT = iphoneos;
				SWIFT_COMPILATION_MODE = wholemodule;
				VALIDATE_PRODUCT = YES;
			};
			name = Release;
		};
		C2DDE2282C6BFE3100132FB4 /* Debug */ = {
			isa = XCBuildConfiguration;
			buildSettings = {
				ALWAYS_EMBED_SWIFT_STANDARD_LIBRARIES = YES;
				ASSETCATALOG_COMPILER_APPICON_NAME = AppIcon;
				ASSETCATALOG_COMPILER_GLOBAL_ACCENT_COLOR_NAME = AccentColor;
				CODE_SIGN_STYLE = Automatic;
				CURRENT_PROJECT_VERSION = 1;
				DEVELOPMENT_ASSET_PATHS = "\"Snel/Preview Content\"";
				DEVELOPMENT_TEAM = 8Q7TMPA46J;
				ENABLE_PREVIEWS = YES;
				GENERATE_INFOPLIST_FILE = YES;
				INFOPLIST_KEY_NSLocationUsageDescription = "To determine your speed";
				INFOPLIST_KEY_NSLocationWhenInUseUsageDescription = "To determine your speed";
				INFOPLIST_KEY_UIApplicationSceneManifest_Generation = YES;
				INFOPLIST_KEY_UIApplicationSupportsIndirectInputEvents = YES;
				INFOPLIST_KEY_UILaunchScreen_Generation = YES;
				INFOPLIST_KEY_UISupportedInterfaceOrientations_iPad = "UIInterfaceOrientationPortrait UIInterfaceOrientationPortraitUpsideDown UIInterfaceOrientationLandscapeLeft UIInterfaceOrientationLandscapeRight";
				INFOPLIST_KEY_UISupportedInterfaceOrientations_iPhone = "UIInterfaceOrientationPortrait UIInterfaceOrientationLandscapeLeft UIInterfaceOrientationLandscapeRight";
				LD_RUNPATH_SEARCH_PATHS = (
					"$(inherited)",
					"@executable_path/Frameworks",
				);
				MARKETING_VERSION = 1.0;
				PRODUCT_BUNDLE_IDENTIFIER = com.goodsnooze.Snel;
				PRODUCT_NAME = "$(TARGET_NAME)";
				SUPPORTED_PLATFORMS = "iphoneos iphonesimulator";
				SUPPORTS_MACCATALYST = NO;
				SUPPORTS_MAC_DESIGNED_FOR_IPHONE_IPAD = NO;
				SUPPORTS_XR_DESIGNED_FOR_IPHONE_IPAD = NO;
				SWIFT_EMIT_LOC_STRINGS = YES;
				SWIFT_VERSION = 5.0;
				TARGETED_DEVICE_FAMILY = 1;
			};
			name = Debug;
		};
		C2DDE2292C6BFE3100132FB4 /* Release */ = {
			isa = XCBuildConfiguration;
			buildSettings = {
				ALWAYS_EMBED_SWIFT_STANDARD_LIBRARIES = YES;
				ASSETCATALOG_COMPILER_APPICON_NAME = AppIcon;
				ASSETCATALOG_COMPILER_GLOBAL_ACCENT_COLOR_NAME = AccentColor;
				CODE_SIGN_STYLE = Automatic;
				CURRENT_PROJECT_VERSION = 1;
				DEVELOPMENT_ASSET_PATHS = "\"Snel/Preview Content\"";
				DEVELOPMENT_TEAM = 8Q7TMPA46J;
				ENABLE_PREVIEWS = YES;
				GENERATE_INFOPLIST_FILE = YES;
				INFOPLIST_KEY_NSLocationUsageDescription = "To determine your speed";
				INFOPLIST_KEY_NSLocationWhenInUseUsageDescription = "To determine your speed";
				INFOPLIST_KEY_UIApplicationSceneManifest_Generation = YES;
				INFOPLIST_KEY_UIApplicationSupportsIndirectInputEvents = YES;
				INFOPLIST_KEY_UILaunchScreen_Generation = YES;
				INFOPLIST_KEY_UISupportedInterfaceOrientations_iPad = "UIInterfaceOrientationPortrait UIInterfaceOrientationPortraitUpsideDown UIInterfaceOrientationLandscapeLeft UIInterfaceOrientationLandscapeRight";
				INFOPLIST_KEY_UISupportedInterfaceOrientations_iPhone = "UIInterfaceOrientationPortrait UIInterfaceOrientationLandscapeLeft UIInterfaceOrientationLandscapeRight";
				LD_RUNPATH_SEARCH_PATHS = (
					"$(inherited)",
					"@executable_path/Frameworks",
				);
				MARKETING_VERSION = 1.0;
				PRODUCT_BUNDLE_IDENTIFIER = com.goodsnooze.Snel;
				PRODUCT_NAME = "$(TARGET_NAME)";
				SUPPORTED_PLATFORMS = "iphoneos iphonesimulator";
				SUPPORTS_MACCATALYST = NO;
				SUPPORTS_MAC_DESIGNED_FOR_IPHONE_IPAD = NO;
				SUPPORTS_XR_DESIGNED_FOR_IPHONE_IPAD = NO;
				SWIFT_EMIT_LOC_STRINGS = YES;
				SWIFT_VERSION = 5.0;
				TARGETED_DEVICE_FAMILY = 1;
			};
			name = Release;
		};
		C2DDE2412C6C06EE00132FB4 /* Debug */ = {
			isa = XCBuildConfiguration;
			buildSettings = {
				ASSETCATALOG_COMPILER_APPICON_NAME = AppIcon;
				ASSETCATALOG_COMPILER_GLOBAL_ACCENT_COLOR_NAME = AccentColor;
				CODE_SIGN_STYLE = Automatic;
				CURRENT_PROJECT_VERSION = 1;
				DEVELOPMENT_ASSET_PATHS = "\"Snel Watch Watch App/Preview Content\"";
				DEVELOPMENT_TEAM = 8Q7TMPA46J;
				ENABLE_PREVIEWS = YES;
				GENERATE_INFOPLIST_FILE = YES;
				INFOPLIST_KEY_CFBundleDisplayName = Snel;
				INFOPLIST_KEY_NSLocationWhenInUseUsageDescription = "To determine your speed";
				INFOPLIST_KEY_UISupportedInterfaceOrientations = "UIInterfaceOrientationPortrait UIInterfaceOrientationPortraitUpsideDown";
				INFOPLIST_KEY_WKCompanionAppBundleIdentifier = com.goodsnooze.Snel;
				LD_RUNPATH_SEARCH_PATHS = (
					"$(inherited)",
					"@executable_path/Frameworks",
				);
				MARKETING_VERSION = 1.0;
				PRODUCT_BUNDLE_IDENTIFIER = com.goodsnooze.Snel.watchkitapp;
				PRODUCT_NAME = "$(TARGET_NAME)";
				SDKROOT = watchos;
				SKIP_INSTALL = YES;
				SWIFT_EMIT_LOC_STRINGS = YES;
				SWIFT_VERSION = 5.0;
				TARGETED_DEVICE_FAMILY = 4;
				WATCHOS_DEPLOYMENT_TARGET = 10;
			};
			name = Debug;
		};
		C2DDE2422C6C06EE00132FB4 /* Release */ = {
			isa = XCBuildConfiguration;
			buildSettings = {
				ASSETCATALOG_COMPILER_APPICON_NAME = AppIcon;
				ASSETCATALOG_COMPILER_GLOBAL_ACCENT_COLOR_NAME = AccentColor;
				CODE_SIGN_STYLE = Automatic;
				CURRENT_PROJECT_VERSION = 1;
				DEVELOPMENT_ASSET_PATHS = "\"Snel Watch Watch App/Preview Content\"";
				DEVELOPMENT_TEAM = 8Q7TMPA46J;
				ENABLE_PREVIEWS = YES;
				GENERATE_INFOPLIST_FILE = YES;
				INFOPLIST_KEY_CFBundleDisplayName = Snel;
				INFOPLIST_KEY_NSLocationWhenInUseUsageDescription = "To determine your speed";
				INFOPLIST_KEY_UISupportedInterfaceOrientations = "UIInterfaceOrientationPortrait UIInterfaceOrientationPortraitUpsideDown";
				INFOPLIST_KEY_WKCompanionAppBundleIdentifier = com.goodsnooze.Snel;
				LD_RUNPATH_SEARCH_PATHS = (
					"$(inherited)",
					"@executable_path/Frameworks",
				);
				MARKETING_VERSION = 1.0;
				PRODUCT_BUNDLE_IDENTIFIER = com.goodsnooze.Snel.watchkitapp;
				PRODUCT_NAME = "$(TARGET_NAME)";
				SDKROOT = watchos;
				SKIP_INSTALL = YES;
				SWIFT_EMIT_LOC_STRINGS = YES;
				SWIFT_VERSION = 5.0;
				TARGETED_DEVICE_FAMILY = 4;
				WATCHOS_DEPLOYMENT_TARGET = 10;
			};
			name = Release;
		};
/* End XCBuildConfiguration section */

/* Begin XCConfigurationList section */
		C2DDE2142C6BFE3000132FB4 /* Build configuration list for PBXProject "Snel" */ = {
			isa = XCConfigurationList;
			buildConfigurations = (
				C2DDE2252C6BFE3100132FB4 /* Debug */,
				C2DDE2262C6BFE3100132FB4 /* Release */,
			);
			defaultConfigurationIsVisible = 0;
			defaultConfigurationName = Release;
		};
		C2DDE2272C6BFE3100132FB4 /* Build configuration list for PBXNativeTarget "Snel" */ = {
			isa = XCConfigurationList;
			buildConfigurations = (
				C2DDE2282C6BFE3100132FB4 /* Debug */,
				C2DDE2292C6BFE3100132FB4 /* Release */,
			);
			defaultConfigurationIsVisible = 0;
			defaultConfigurationName = Release;
		};
		C2DDE2402C6C06EE00132FB4 /* Build configuration list for PBXNativeTarget "Snel Watch Watch App" */ = {
			isa = XCConfigurationList;
			buildConfigurations = (
				C2DDE2412C6C06EE00132FB4 /* Debug */,
				C2DDE2422C6C06EE00132FB4 /* Release */,
			);
			defaultConfigurationIsVisible = 0;
			defaultConfigurationName = Release;
		};
/* End XCConfigurationList section */

/* Begin XCRemoteSwiftPackageReference section */
		C2ADA42A2C76118E00179D5F /* XCRemoteSwiftPackageReference "Defaults" */ = {
			isa = XCRemoteSwiftPackageReference;
			repositoryURL = "https://github.com/sindresorhus/Defaults";
			requirement = {
				branch = main;
				kind = branch;
			};
		};
/* End XCRemoteSwiftPackageReference section */

/* Begin XCSwiftPackageProductDependency section */
		C2ADA42B2C76118E00179D5F /* Defaults */ = {
			isa = XCSwiftPackageProductDependency;
			package = C2ADA42A2C76118E00179D5F /* XCRemoteSwiftPackageReference "Defaults" */;
			productName = Defaults;
		};
		C2ADA42E2C76119900179D5F /* Defaults */ = {
			isa = XCSwiftPackageProductDependency;
			package = C2ADA42A2C76118E00179D5F /* XCRemoteSwiftPackageReference "Defaults" */;
			productName = Defaults;
		};
/* End XCSwiftPackageProductDependency section */
	};
	rootObject = C2DDE2112C6BFE3000132FB4 /* Project object */;
}
