// !$*UTF8*$!
{
	archiveVersion = 1;
	classes = {
	};
	objectVersion = 56;
	objects = {

/* Begin PBXBuildFile section */
		C2033D212C7CC272003F6C9D /* ChartView.swift in Sources */ = {isa = PBXBuildFile; fileRef = C2033D202C7CC272003F6C9D /* ChartView.swift */; };
		C2829DE92C77CFFE00E2FB4E /* Vela in Frameworks */ = {isa = PBXBuildFile; productRef = C2829DE82C77CFFE00E2FB4E /* Vela */; };
		C2A4CF052C763A24000181C6 /* Snel Watch App.app in Embed Watch Content */ = {isa = PBXBuildFile; fileRef = C2A4CF042C763A24000181C6 /* Snel Watch App.app */; settings = {ATTRIBUTES = (RemoveHeadersOnCopy, ); }; };
		C2A4CF0A2C763A24000181C6 /* SnelApp.swift in Sources */ = {isa = PBXBuildFile; fileRef = C2A4CF092C763A24000181C6 /* SnelApp.swift */; };
		C2A4CF112C763A25000181C6 /* Preview Assets.xcassets in Resources */ = {isa = PBXBuildFile; fileRef = C2A4CF102C763A25000181C6 /* Preview Assets.xcassets */; };
		C2A4CF1B2C763A25000181C6 /* Snel_Watch_AppTests.swift in Sources */ = {isa = PBXBuildFile; fileRef = C2A4CF1A2C763A25000181C6 /* Snel_Watch_AppTests.swift */; };
		C2A4CF252C763A25000181C6 /* Snel_Watch_AppUITests.swift in Sources */ = {isa = PBXBuildFile; fileRef = C2A4CF242C763A25000181C6 /* Snel_Watch_AppUITests.swift */; };
		C2A4CF272C763A25000181C6 /* Snel_Watch_AppUITestsLaunchTests.swift in Sources */ = {isa = PBXBuildFile; fileRef = C2A4CF262C763A25000181C6 /* Snel_Watch_AppUITestsLaunchTests.swift */; };
		C2A4CF3B2C763B59000181C6 /* Defaults.swift in Sources */ = {isa = PBXBuildFile; fileRef = C2A4CF372C763B59000181C6 /* Defaults.swift */; };
		C2A4CF3C2C763B59000181C6 /* LocationManager.swift in Sources */ = {isa = PBXBuildFile; fileRef = C2A4CF382C763B59000181C6 /* LocationManager.swift */; };
		C2A4CF3D2C763B59000181C6 /* ContentView.swift in Sources */ = {isa = PBXBuildFile; fileRef = C2A4CF392C763B59000181C6 /* ContentView.swift */; };
		C2A4CF3E2C763B59000181C6 /* DisplayMode.swift in Sources */ = {isa = PBXBuildFile; fileRef = C2A4CF3A2C763B59000181C6 /* DisplayMode.swift */; };
		C2A4CF432C763B61000181C6 /* SpeedOption.swift in Sources */ = {isa = PBXBuildFile; fileRef = C2A4CF3F2C763B61000181C6 /* SpeedOption.swift */; };
		C2A4CF452C763B61000181C6 /* Theme.swift in Sources */ = {isa = PBXBuildFile; fileRef = C2A4CF412C763B61000181C6 /* Theme.swift */; };
		C2A4CF462C763B61000181C6 /* SettingsView.swift in Sources */ = {isa = PBXBuildFile; fileRef = C2A4CF422C763B61000181C6 /* SettingsView.swift */; };
		C2A4CF482C763B6B000181C6 /* Assets.xcassets in Resources */ = {isa = PBXBuildFile; fileRef = C2A4CF472C763B6B000181C6 /* Assets.xcassets */; };
		C2A4CF4B2C763B8E000181C6 /* Defaults in Frameworks */ = {isa = PBXBuildFile; productRef = C2A4CF4A2C763B8E000181C6 /* Defaults */; };
/* End PBXBuildFile section */

/* Begin PBXContainerItemProxy section */
		C2A4CF062C763A24000181C6 /* PBXContainerItemProxy */ = {
			isa = PBXContainerItemProxy;
			containerPortal = C2A4CEF82C763A24000181C6 /* Project object */;
			proxyType = 1;
			remoteGlobalIDString = C2A4CF032C763A24000181C6;
			remoteInfo = "Snel Watch App";
		};
		C2A4CF172C763A25000181C6 /* PBXContainerItemProxy */ = {
			isa = PBXContainerItemProxy;
			containerPortal = C2A4CEF82C763A24000181C6 /* Project object */;
			proxyType = 1;
			remoteGlobalIDString = C2A4CF032C763A24000181C6;
			remoteInfo = "Snel Watch App";
		};
		C2A4CF212C763A25000181C6 /* PBXContainerItemProxy */ = {
			isa = PBXContainerItemProxy;
			containerPortal = C2A4CEF82C763A24000181C6 /* Project object */;
			proxyType = 1;
			remoteGlobalIDString = C2A4CF032C763A24000181C6;
			remoteInfo = "Snel Watch App";
		};
/* End PBXContainerItemProxy section */

/* Begin PBXCopyFilesBuildPhase section */
		C2A4CF2D2C763A25000181C6 /* Embed Watch Content */ = {
			isa = PBXCopyFilesBuildPhase;
			buildActionMask = 2147483647;
			dstPath = "$(CONTENTS_FOLDER_PATH)/Watch";
			dstSubfolderSpec = 16;
			files = (
				C2A4CF052C763A24000181C6 /* Snel Watch App.app in Embed Watch Content */,
			);
			name = "Embed Watch Content";
			runOnlyForDeploymentPostprocessing = 0;
		};
		C2A4CF642C763B9E000181C6 /* Embed Foundation Extensions */ = {
			isa = PBXCopyFilesBuildPhase;
			buildActionMask = 2147483647;
			dstPath = "";
			dstSubfolderSpec = 13;
			files = (
			);
			name = "Embed Foundation Extensions";
			runOnlyForDeploymentPostprocessing = 0;
		};
/* End PBXCopyFilesBuildPhase section */

/* Begin PBXFileReference section */
		C2033D202C7CC272003F6C9D /* ChartView.swift */ = {isa = PBXFileReference; lastKnownFileType = sourcecode.swift; path = ChartView.swift; sourceTree = "<group>"; };
		C2A4CEFE2C763A24000181C6 /* Snel.app */ = {isa = PBXFileReference; explicitFileType = wrapper.application; includeInIndex = 0; path = Snel.app; sourceTree = BUILT_PRODUCTS_DIR; };
		C2A4CF042C763A24000181C6 /* Snel Watch App.app */ = {isa = PBXFileReference; explicitFileType = wrapper.application; includeInIndex = 0; path = "Snel Watch App.app"; sourceTree = BUILT_PRODUCTS_DIR; };
		C2A4CF092C763A24000181C6 /* SnelApp.swift */ = {isa = PBXFileReference; lastKnownFileType = sourcecode.swift; path = SnelApp.swift; sourceTree = "<group>"; };
		C2A4CF102C763A25000181C6 /* Preview Assets.xcassets */ = {isa = PBXFileReference; lastKnownFileType = folder.assetcatalog; path = "Preview Assets.xcassets"; sourceTree = "<group>"; };
		C2A4CF162C763A25000181C6 /* Snel Watch AppTests.xctest */ = {isa = PBXFileReference; explicitFileType = wrapper.cfbundle; includeInIndex = 0; path = "Snel Watch AppTests.xctest"; sourceTree = BUILT_PRODUCTS_DIR; };
		C2A4CF1A2C763A25000181C6 /* Snel_Watch_AppTests.swift */ = {isa = PBXFileReference; lastKnownFileType = sourcecode.swift; path = Snel_Watch_AppTests.swift; sourceTree = "<group>"; };
		C2A4CF202C763A25000181C6 /* Snel Watch AppUITests.xctest */ = {isa = PBXFileReference; explicitFileType = wrapper.cfbundle; includeInIndex = 0; path = "Snel Watch AppUITests.xctest"; sourceTree = BUILT_PRODUCTS_DIR; };
		C2A4CF242C763A25000181C6 /* Snel_Watch_AppUITests.swift */ = {isa = PBXFileReference; lastKnownFileType = sourcecode.swift; path = Snel_Watch_AppUITests.swift; sourceTree = "<group>"; };
		C2A4CF262C763A25000181C6 /* Snel_Watch_AppUITestsLaunchTests.swift */ = {isa = PBXFileReference; lastKnownFileType = sourcecode.swift; path = Snel_Watch_AppUITestsLaunchTests.swift; sourceTree = "<group>"; };
		C2A4CF372C763B59000181C6 /* Defaults.swift */ = {isa = PBXFileReference; fileEncoding = 4; lastKnownFileType = sourcecode.swift; path = Defaults.swift; sourceTree = "<group>"; };
		C2A4CF382C763B59000181C6 /* LocationManager.swift */ = {isa = PBXFileReference; fileEncoding = 4; lastKnownFileType = sourcecode.swift; path = LocationManager.swift; sourceTree = "<group>"; };
		C2A4CF392C763B59000181C6 /* ContentView.swift */ = {isa = PBXFileReference; fileEncoding = 4; lastKnownFileType = sourcecode.swift; path = ContentView.swift; sourceTree = "<group>"; };
		C2A4CF3A2C763B59000181C6 /* DisplayMode.swift */ = {isa = PBXFileReference; fileEncoding = 4; lastKnownFileType = sourcecode.swift; path = DisplayMode.swift; sourceTree = "<group>"; };
		C2A4CF3F2C763B61000181C6 /* SpeedOption.swift */ = {isa = PBXFileReference; fileEncoding = 4; lastKnownFileType = sourcecode.swift; path = SpeedOption.swift; sourceTree = "<group>"; };
		C2A4CF412C763B61000181C6 /* Theme.swift */ = {isa = PBXFileReference; fileEncoding = 4; lastKnownFileType = sourcecode.swift; path = Theme.swift; sourceTree = "<group>"; };
		C2A4CF422C763B61000181C6 /* SettingsView.swift */ = {isa = PBXFileReference; fileEncoding = 4; lastKnownFileType = sourcecode.swift; path = SettingsView.swift; sourceTree = "<group>"; };
		C2A4CF472C763B6B000181C6 /* Assets.xcassets */ = {isa = PBXFileReference; lastKnownFileType = folder.assetcatalog; path = Assets.xcassets; sourceTree = "<group>"; };
		C2A4CF522C763B9D000181C6 /* WidgetKit.framework */ = {isa = PBXFileReference; lastKnownFileType = wrapper.framework; name = WidgetKit.framework; path = System/Library/Frameworks/WidgetKit.framework; sourceTree = SDKROOT; };
		C2A4CF542C763B9D000181C6 /* SwiftUI.framework */ = {isa = PBXFileReference; lastKnownFileType = wrapper.framework; name = SwiftUI.framework; path = System/Library/Frameworks/SwiftUI.framework; sourceTree = SDKROOT; };
		C2C19ACD2C7642D8004E4451 /* Snel-Watch-App-Info.plist */ = {isa = PBXFileReference; lastKnownFileType = text.plist; path = "Snel-Watch-App-Info.plist"; sourceTree = SOURCE_ROOT; };
/* End PBXFileReference section */

/* Begin PBXFrameworksBuildPhase section */
		C2A4CF012C763A24000181C6 /* Frameworks */ = {
			isa = PBXFrameworksBuildPhase;
			buildActionMask = 2147483647;
			files = (
				C2829DE92C77CFFE00E2FB4E /* Vela in Frameworks */,
				C2A4CF4B2C763B8E000181C6 /* Defaults in Frameworks */,
			);
			runOnlyForDeploymentPostprocessing = 0;
		};
		C2A4CF132C763A25000181C6 /* Frameworks */ = {
			isa = PBXFrameworksBuildPhase;
			buildActionMask = 2147483647;
			files = (
			);
			runOnlyForDeploymentPostprocessing = 0;
		};
		C2A4CF1D2C763A25000181C6 /* Frameworks */ = {
			isa = PBXFrameworksBuildPhase;
			buildActionMask = 2147483647;
			files = (
			);
			runOnlyForDeploymentPostprocessing = 0;
		};
/* End PBXFrameworksBuildPhase section */

/* Begin PBXGroup section */
		C2033D1F2C7CC25E003F6C9D /* DisplayModes */ = {
			isa = PBXGroup;
			children = (
				C2033D202C7CC272003F6C9D /* ChartView.swift */,
			);
			path = DisplayModes;
			sourceTree = "<group>";
		};
		C2A4CEF72C763A24000181C6 = {
			isa = PBXGroup;
			children = (
				C2A4CF082C763A24000181C6 /* Snel Watch App */,
				C2A4CF192C763A25000181C6 /* Snel Watch AppTests */,
				C2A4CF232C763A25000181C6 /* Snel Watch AppUITests */,
				C2A4CF512C763B9D000181C6 /* Frameworks */,
				C2A4CEFF2C763A24000181C6 /* Products */,
			);
			sourceTree = "<group>";
		};
		C2A4CEFF2C763A24000181C6 /* Products */ = {
			isa = PBXGroup;
			children = (
				C2A4CEFE2C763A24000181C6 /* Snel.app */,
				C2A4CF042C763A24000181C6 /* Snel Watch App.app */,
				C2A4CF162C763A25000181C6 /* Snel Watch AppTests.xctest */,
				C2A4CF202C763A25000181C6 /* Snel Watch AppUITests.xctest */,
			);
			name = Products;
			sourceTree = "<group>";
		};
		C2A4CF082C763A24000181C6 /* Snel Watch App */ = {
			isa = PBXGroup;
			children = (
				C2C19ACD2C7642D8004E4451 /* Snel-Watch-App-Info.plist */,
				C2A4CF092C763A24000181C6 /* SnelApp.swift */,
				C2A4CF392C763B59000181C6 /* ContentView.swift */,
				C2A4CF372C763B59000181C6 /* Defaults.swift */,
				C2A4CF3A2C763B59000181C6 /* DisplayMode.swift */,
				C2A4CF382C763B59000181C6 /* LocationManager.swift */,
				C2A4CF422C763B61000181C6 /* SettingsView.swift */,
				C2A4CF3F2C763B61000181C6 /* SpeedOption.swift */,
				C2033D1F2C7CC25E003F6C9D /* DisplayModes */,
				C2A4CF412C763B61000181C6 /* Theme.swift */,
				C2A4CF472C763B6B000181C6 /* Assets.xcassets */,
				C2A4CF0F2C763A25000181C6 /* Preview Content */,
			);
			path = "Snel Watch App";
			sourceTree = "<group>";
		};
		C2A4CF0F2C763A25000181C6 /* Preview Content */ = {
			isa = PBXGroup;
			children = (
				C2A4CF102C763A25000181C6 /* Preview Assets.xcassets */,
			);
			path = "Preview Content";
			sourceTree = "<group>";
		};
		C2A4CF192C763A25000181C6 /* Snel Watch AppTests */ = {
			isa = PBXGroup;
			children = (
				C2A4CF1A2C763A25000181C6 /* Snel_Watch_AppTests.swift */,
			);
			path = "Snel Watch AppTests";
			sourceTree = "<group>";
		};
		C2A4CF232C763A25000181C6 /* Snel Watch AppUITests */ = {
			isa = PBXGroup;
			children = (
				C2A4CF242C763A25000181C6 /* Snel_Watch_AppUITests.swift */,
				C2A4CF262C763A25000181C6 /* Snel_Watch_AppUITestsLaunchTests.swift */,
			);
			path = "Snel Watch AppUITests";
			sourceTree = "<group>";
		};
		C2A4CF512C763B9D000181C6 /* Frameworks */ = {
			isa = PBXGroup;
			children = (
				C2A4CF522C763B9D000181C6 /* WidgetKit.framework */,
				C2A4CF542C763B9D000181C6 /* SwiftUI.framework */,
			);
			name = Frameworks;
			sourceTree = "<group>";
		};
/* End PBXGroup section */

/* Begin PBXNativeTarget section */
		C2A4CEFD2C763A24000181C6 /* Snel */ = {
			isa = PBXNativeTarget;
			buildConfigurationList = C2A4CF2E2C763A25000181C6 /* Build configuration list for PBXNativeTarget "Snel" */;
			buildPhases = (
				C2A4CEFC2C763A24000181C6 /* Resources */,
				C2A4CF2D2C763A25000181C6 /* Embed Watch Content */,
			);
			buildRules = (
			);
			dependencies = (
				C2A4CF072C763A24000181C6 /* PBXTargetDependency */,
			);
			name = Snel;
			productName = Snel;
			productReference = C2A4CEFE2C763A24000181C6 /* Snel.app */;
			productType = "com.apple.product-type.application.watchapp2-container";
		};
		C2A4CF032C763A24000181C6 /* Snel Watch App */ = {
			isa = PBXNativeTarget;
			buildConfigurationList = C2A4CF2A2C763A25000181C6 /* Build configuration list for PBXNativeTarget "Snel Watch App" */;
			buildPhases = (
				C2A4CF002C763A24000181C6 /* Sources */,
				C2A4CF012C763A24000181C6 /* Frameworks */,
				C2A4CF022C763A24000181C6 /* Resources */,
				C2A4CF642C763B9E000181C6 /* Embed Foundation Extensions */,
			);
			buildRules = (
			);
			dependencies = (
			);
			name = "Snel Watch App";
			packageProductDependencies = (
				C2A4CF4A2C763B8E000181C6 /* Defaults */,
				C2829DE82C77CFFE00E2FB4E /* Vela */,
			);
			productName = "Snel Watch App";
			productReference = C2A4CF042C763A24000181C6 /* Snel Watch App.app */;
			productType = "com.apple.product-type.application";
		};
		C2A4CF152C763A25000181C6 /* Snel Watch AppTests */ = {
			isa = PBXNativeTarget;
			buildConfigurationList = C2A4CF312C763A25000181C6 /* Build configuration list for PBXNativeTarget "Snel Watch AppTests" */;
			buildPhases = (
				C2A4CF122C763A25000181C6 /* Sources */,
				C2A4CF132C763A25000181C6 /* Frameworks */,
				C2A4CF142C763A25000181C6 /* Resources */,
			);
			buildRules = (
			);
			dependencies = (
				C2A4CF182C763A25000181C6 /* PBXTargetDependency */,
			);
			name = "Snel Watch AppTests";
			productName = "Snel Watch AppTests";
			productReference = C2A4CF162C763A25000181C6 /* Snel Watch AppTests.xctest */;
			productType = "com.apple.product-type.bundle.unit-test";
		};
		C2A4CF1F2C763A25000181C6 /* Snel Watch AppUITests */ = {
			isa = PBXNativeTarget;
			buildConfigurationList = C2A4CF342C763A25000181C6 /* Build configuration list for PBXNativeTarget "Snel Watch AppUITests" */;
			buildPhases = (
				C2A4CF1C2C763A25000181C6 /* Sources */,
				C2A4CF1D2C763A25000181C6 /* Frameworks */,
				C2A4CF1E2C763A25000181C6 /* Resources */,
			);
			buildRules = (
			);
			dependencies = (
				C2A4CF222C763A25000181C6 /* PBXTargetDependency */,
			);
			name = "Snel Watch AppUITests";
			productName = "Snel Watch AppUITests";
			productReference = C2A4CF202C763A25000181C6 /* Snel Watch AppUITests.xctest */;
			productType = "com.apple.product-type.bundle.ui-testing";
		};
/* End PBXNativeTarget section */

/* Begin PBXProject section */
		C2A4CEF82C763A24000181C6 /* Project object */ = {
			isa = PBXProject;
			attributes = {
				BuildIndependentTargetsInParallel = 1;
				LastSwiftUpdateCheck = 1530;
				LastUpgradeCheck = 1530;
				TargetAttributes = {
					C2A4CEFD2C763A24000181C6 = {
						CreatedOnToolsVersion = 15.3;
					};
					C2A4CF032C763A24000181C6 = {
						CreatedOnToolsVersion = 15.3;
					};
					C2A4CF152C763A25000181C6 = {
						CreatedOnToolsVersion = 15.3;
						TestTargetID = C2A4CF032C763A24000181C6;
					};
					C2A4CF1F2C763A25000181C6 = {
						CreatedOnToolsVersion = 15.3;
						TestTargetID = C2A4CF032C763A24000181C6;
					};
				};
			};
			buildConfigurationList = C2A4CEFB2C763A24000181C6 /* Build configuration list for PBXProject "Snel" */;
			compatibilityVersion = "Xcode 14.0";
			developmentRegion = en;
			hasScannedForEncodings = 0;
			knownRegions = (
				en,
				Base,
			);
			mainGroup = C2A4CEF72C763A24000181C6;
			packageReferences = (
				C2A4CF492C763B8E000181C6 /* XCRemoteSwiftPackageReference "Defaults" */,
				C2829DE72C77CFFE00E2FB4E /* XCRemoteSwiftPackageReference "Vela" */,
			);
			productRefGroup = C2A4CEFF2C763A24000181C6 /* Products */;
			projectDirPath = "";
			projectRoot = "";
			targets = (
				C2A4CEFD2C763A24000181C6 /* Snel */,
				C2A4CF032C763A24000181C6 /* Snel Watch App */,
				C2A4CF152C763A25000181C6 /* Snel Watch AppTests */,
				C2A4CF1F2C763A25000181C6 /* Snel Watch AppUITests */,
			);
		};
/* End PBXProject section */

/* Begin PBXResourcesBuildPhase section */
		C2A4CEFC2C763A24000181C6 /* Resources */ = {
			isa = PBXResourcesBuildPhase;
			buildActionMask = 2147483647;
			files = (
			);
			runOnlyForDeploymentPostprocessing = 0;
		};
		C2A4CF022C763A24000181C6 /* Resources */ = {
			isa = PBXResourcesBuildPhase;
			buildActionMask = 2147483647;
			files = (
				C2A4CF482C763B6B000181C6 /* Assets.xcassets in Resources */,
				C2A4CF112C763A25000181C6 /* Preview Assets.xcassets in Resources */,
			);
			runOnlyForDeploymentPostprocessing = 0;
		};
		C2A4CF142C763A25000181C6 /* Resources */ = {
			isa = PBXResourcesBuildPhase;
			buildActionMask = 2147483647;
			files = (
			);
			runOnlyForDeploymentPostprocessing = 0;
		};
		C2A4CF1E2C763A25000181C6 /* Resources */ = {
			isa = PBXResourcesBuildPhase;
			buildActionMask = 2147483647;
			files = (
			);
			runOnlyForDeploymentPostprocessing = 0;
		};
/* End PBXResourcesBuildPhase section */

/* Begin PBXSourcesBuildPhase section */
		C2A4CF002C763A24000181C6 /* Sources */ = {
			isa = PBXSourcesBuildPhase;
			buildActionMask = 2147483647;
			files = (
				C2A4CF432C763B61000181C6 /* SpeedOption.swift in Sources */,
				C2A4CF452C763B61000181C6 /* Theme.swift in Sources */,
				C2A4CF0A2C763A24000181C6 /* SnelApp.swift in Sources */,
				C2A4CF462C763B61000181C6 /* SettingsView.swift in Sources */,
				C2A4CF3E2C763B59000181C6 /* DisplayMode.swift in Sources */,
				C2033D212C7CC272003F6C9D /* ChartView.swift in Sources */,
				C2A4CF3B2C763B59000181C6 /* Defaults.swift in Sources */,
				C2A4CF3D2C763B59000181C6 /* ContentView.swift in Sources */,
				C2A4CF3C2C763B59000181C6 /* LocationManager.swift in Sources */,
			);
			runOnlyForDeploymentPostprocessing = 0;
		};
		C2A4CF122C763A25000181C6 /* Sources */ = {
			isa = PBXSourcesBuildPhase;
			buildActionMask = 2147483647;
			files = (
				C2A4CF1B2C763A25000181C6 /* Snel_Watch_AppTests.swift in Sources */,
			);
			runOnlyForDeploymentPostprocessing = 0;
		};
		C2A4CF1C2C763A25000181C6 /* Sources */ = {
			isa = PBXSourcesBuildPhase;
			buildActionMask = 2147483647;
			files = (
				C2A4CF272C763A25000181C6 /* Snel_Watch_AppUITestsLaunchTests.swift in Sources */,
				C2A4CF252C763A25000181C6 /* Snel_Watch_AppUITests.swift in Sources */,
			);
			runOnlyForDeploymentPostprocessing = 0;
		};
/* End PBXSourcesBuildPhase section */

/* Begin PBXTargetDependency section */
		C2A4CF072C763A24000181C6 /* PBXTargetDependency */ = {
			isa = PBXTargetDependency;
			target = C2A4CF032C763A24000181C6 /* Snel Watch App */;
			targetProxy = C2A4CF062C763A24000181C6 /* PBXContainerItemProxy */;
		};
		C2A4CF182C763A25000181C6 /* PBXTargetDependency */ = {
			isa = PBXTargetDependency;
			target = C2A4CF032C763A24000181C6 /* Snel Watch App */;
			targetProxy = C2A4CF172C763A25000181C6 /* PBXContainerItemProxy */;
		};
		C2A4CF222C763A25000181C6 /* PBXTargetDependency */ = {
			isa = PBXTargetDependency;
			target = C2A4CF032C763A24000181C6 /* Snel Watch App */;
			targetProxy = C2A4CF212C763A25000181C6 /* PBXContainerItemProxy */;
		};
/* End PBXTargetDependency section */

/* Begin XCBuildConfiguration section */
		C2A4CF282C763A25000181C6 /* Debug */ = {
			isa = XCBuildConfiguration;
			buildSettings = {
				ALWAYS_SEARCH_USER_PATHS = NO;
				ASSETCATALOG_COMPILER_GENERATE_SWIFT_ASSET_SYMBOL_EXTENSIONS = YES;
				CLANG_ANALYZER_NONNULL = YES;
				CLANG_ANALYZER_NUMBER_OBJECT_CONVERSION = YES_AGGRESSIVE;
				CLANG_CXX_LANGUAGE_STANDARD = "gnu++20";
				CLANG_ENABLE_MODULES = YES;
				CLANG_ENABLE_OBJC_ARC = YES;
				CLANG_ENABLE_OBJC_WEAK = YES;
				CLANG_WARN_BLOCK_CAPTURE_AUTORELEASING = YES;
				CLANG_WARN_BOOL_CONVERSION = YES;
				CLANG_WARN_COMMA = YES;
				CLANG_WARN_CONSTANT_CONVERSION = YES;
				CLANG_WARN_DEPRECATED_OBJC_IMPLEMENTATIONS = YES;
				CLANG_WARN_DIRECT_OBJC_ISA_USAGE = YES_ERROR;
				CLANG_WARN_DOCUMENTATION_COMMENTS = YES;
				CLANG_WARN_EMPTY_BODY = YES;
				CLANG_WARN_ENUM_CONVERSION = YES;
				CLANG_WARN_INFINITE_RECURSION = YES;
				CLANG_WARN_INT_CONVERSION = YES;
				CLANG_WARN_NON_LITERAL_NULL_CONVERSION = YES;
				CLANG_WARN_OBJC_IMPLICIT_RETAIN_SELF = YES;
				CLANG_WARN_OBJC_LITERAL_CONVERSION = YES;
				CLANG_WARN_OBJC_ROOT_CLASS = YES_ERROR;
				CLANG_WARN_QUOTED_INCLUDE_IN_FRAMEWORK_HEADER = YES;
				CLANG_WARN_RANGE_LOOP_ANALYSIS = YES;
				CLANG_WARN_STRICT_PROTOTYPES = YES;
				CLANG_WARN_SUSPICIOUS_MOVE = YES;
				CLANG_WARN_UNGUARDED_AVAILABILITY = YES_AGGRESSIVE;
				CLANG_WARN_UNREACHABLE_CODE = YES;
				CLANG_WARN__DUPLICATE_METHOD_MATCH = YES;
				COPY_PHASE_STRIP = NO;
				DEBUG_INFORMATION_FORMAT = dwarf;
				ENABLE_STRICT_OBJC_MSGSEND = YES;
				ENABLE_TESTABILITY = YES;
				ENABLE_USER_SCRIPT_SANDBOXING = YES;
				GCC_C_LANGUAGE_STANDARD = gnu17;
				GCC_DYNAMIC_NO_PIC = NO;
				GCC_NO_COMMON_BLOCKS = YES;
				GCC_OPTIMIZATION_LEVEL = 0;
				GCC_PREPROCESSOR_DEFINITIONS = (
					"DEBUG=1",
					"$(inherited)",
				);
				GCC_WARN_64_TO_32_BIT_CONVERSION = YES;
				GCC_WARN_ABOUT_RETURN_TYPE = YES_ERROR;
				GCC_WARN_UNDECLARED_SELECTOR = YES;
				GCC_WARN_UNINITIALIZED_AUTOS = YES_AGGRESSIVE;
				GCC_WARN_UNUSED_FUNCTION = YES;
				GCC_WARN_UNUSED_VARIABLE = YES;
				LOCALIZATION_PREFERS_STRING_CATALOGS = YES;
				MTL_ENABLE_DEBUG_INFO = INCLUDE_SOURCE;
				MTL_FAST_MATH = YES;
				ONLY_ACTIVE_ARCH = YES;
				SWIFT_ACTIVE_COMPILATION_CONDITIONS = "DEBUG $(inherited)";
				SWIFT_OPTIMIZATION_LEVEL = "-Onone";
			};
			name = Debug;
		};
		C2A4CF292C763A25000181C6 /* Release */ = {
			isa = XCBuildConfiguration;
			buildSettings = {
				ALWAYS_SEARCH_USER_PATHS = NO;
				ASSETCATALOG_COMPILER_GENERATE_SWIFT_ASSET_SYMBOL_EXTENSIONS = YES;
				CLANG_ANALYZER_NONNULL = YES;
				CLANG_ANALYZER_NUMBER_OBJECT_CONVERSION = YES_AGGRESSIVE;
				CLANG_CXX_LANGUAGE_STANDARD = "gnu++20";
				CLANG_ENABLE_MODULES = YES;
				CLANG_ENABLE_OBJC_ARC = YES;
				CLANG_ENABLE_OBJC_WEAK = YES;
				CLANG_WARN_BLOCK_CAPTURE_AUTORELEASING = YES;
				CLANG_WARN_BOOL_CONVERSION = YES;
				CLANG_WARN_COMMA = YES;
				CLANG_WARN_CONSTANT_CONVERSION = YES;
				CLANG_WARN_DEPRECATED_OBJC_IMPLEMENTATIONS = YES;
				CLANG_WARN_DIRECT_OBJC_ISA_USAGE = YES_ERROR;
				CLANG_WARN_DOCUMENTATION_COMMENTS = YES;
				CLANG_WARN_EMPTY_BODY = YES;
				CLANG_WARN_ENUM_CONVERSION = YES;
				CLANG_WARN_INFINITE_RECURSION = YES;
				CLANG_WARN_INT_CONVERSION = YES;
				CLANG_WARN_NON_LITERAL_NULL_CONVERSION = YES;
				CLANG_WARN_OBJC_IMPLICIT_RETAIN_SELF = YES;
				CLANG_WARN_OBJC_LITERAL_CONVERSION = YES;
				CLANG_WARN_OBJC_ROOT_CLASS = YES_ERROR;
				CLANG_WARN_QUOTED_INCLUDE_IN_FRAMEWORK_HEADER = YES;
				CLANG_WARN_RANGE_LOOP_ANALYSIS = YES;
				CLANG_WARN_STRICT_PROTOTYPES = YES;
				CLANG_WARN_SUSPICIOUS_MOVE = YES;
				CLANG_WARN_UNGUARDED_AVAILABILITY = YES_AGGRESSIVE;
				CLANG_WARN_UNREACHABLE_CODE = YES;
				CLANG_WARN__DUPLICATE_METHOD_MATCH = YES;
				COPY_PHASE_STRIP = NO;
				DEBUG_INFORMATION_FORMAT = "dwarf-with-dsym";
				ENABLE_NS_ASSERTIONS = NO;
				ENABLE_STRICT_OBJC_MSGSEND = YES;
				ENABLE_USER_SCRIPT_SANDBOXING = YES;
				GCC_C_LANGUAGE_STANDARD = gnu17;
				GCC_NO_COMMON_BLOCKS = YES;
				GCC_WARN_64_TO_32_BIT_CONVERSION = YES;
				GCC_WARN_ABOUT_RETURN_TYPE = YES_ERROR;
				GCC_WARN_UNDECLARED_SELECTOR = YES;
				GCC_WARN_UNINITIALIZED_AUTOS = YES_AGGRESSIVE;
				GCC_WARN_UNUSED_FUNCTION = YES;
				GCC_WARN_UNUSED_VARIABLE = YES;
				LOCALIZATION_PREFERS_STRING_CATALOGS = YES;
				MTL_ENABLE_DEBUG_INFO = NO;
				MTL_FAST_MATH = YES;
				SWIFT_COMPILATION_MODE = wholemodule;
			};
			name = Release;
		};
		C2A4CF2B2C763A25000181C6 /* Debug */ = {
			isa = XCBuildConfiguration;
			buildSettings = {
				ALWAYS_EMBED_SWIFT_STANDARD_LIBRARIES = YES;
				ASSETCATALOG_COMPILER_APPICON_NAME = AppIcon;
				ASSETCATALOG_COMPILER_GLOBAL_ACCENT_COLOR_NAME = AccentColor;
				CODE_SIGN_STYLE = Automatic;
				CURRENT_PROJECT_VERSION = 8;
				DEVELOPMENT_ASSET_PATHS = "\"Snel Watch App/Preview Content\"";
				DEVELOPMENT_TEAM = 8Q7TMPA46J;
				ENABLE_PREVIEWS = YES;
				GENERATE_INFOPLIST_FILE = YES;
				INFOPLIST_FILE = "Snel-Watch-App-Info.plist";
				INFOPLIST_KEY_CFBundleDisplayName = Snel;
				INFOPLIST_KEY_NSLocationWhenInUseUsageDescription = "To determine your speed";
				INFOPLIST_KEY_UISupportedInterfaceOrientations = "UIInterfaceOrientationPortrait UIInterfaceOrientationPortraitUpsideDown";
				INFOPLIST_KEY_WKWatchOnly = YES;
				LD_RUNPATH_SEARCH_PATHS = (
					"$(inherited)",
					"@executable_path/Frameworks",
				);
				MARKETING_VERSION = 1.2;
				PRODUCT_BUNDLE_IDENTIFIER = com.goodsnooze.sneller.watchkitapp;
				PRODUCT_NAME = "$(TARGET_NAME)";
				SDKROOT = watchos;
				SKIP_INSTALL = YES;
				SWIFT_EMIT_LOC_STRINGS = YES;
				SWIFT_VERSION = 5.0;
				TARGETED_DEVICE_FAMILY = 4;
				WATCHOS_DEPLOYMENT_TARGET = 10;
			};
			name = Debug;
		};
		C2A4CF2C2C763A25000181C6 /* Release */ = {
			isa = XCBuildConfiguration;
			buildSettings = {
				ALWAYS_EMBED_SWIFT_STANDARD_LIBRARIES = YES;
				ASSETCATALOG_COMPILER_APPICON_NAME = AppIcon;
				ASSETCATALOG_COMPILER_GLOBAL_ACCENT_COLOR_NAME = AccentColor;
				CODE_SIGN_STYLE = Automatic;
				CURRENT_PROJECT_VERSION = 8;
				DEVELOPMENT_ASSET_PATHS = "\"Snel Watch App/Preview Content\"";
				DEVELOPMENT_TEAM = 8Q7TMPA46J;
				ENABLE_PREVIEWS = YES;
				GENERATE_INFOPLIST_FILE = YES;
				INFOPLIST_FILE = "Snel-Watch-App-Info.plist";
				INFOPLIST_KEY_CFBundleDisplayName = Snel;
				INFOPLIST_KEY_NSLocationWhenInUseUsageDescription = "To determine your speed";
				INFOPLIST_KEY_UISupportedInterfaceOrientations = "UIInterfaceOrientationPortrait UIInterfaceOrientationPortraitUpsideDown";
				INFOPLIST_KEY_WKWatchOnly = YES;
				LD_RUNPATH_SEARCH_PATHS = (
					"$(inherited)",
					"@executable_path/Frameworks",
				);
				MARKETING_VERSION = 1.2;
				PRODUCT_BUNDLE_IDENTIFIER = com.goodsnooze.sneller.watchkitapp;
				PRODUCT_NAME = "$(TARGET_NAME)";
				SDKROOT = watchos;
				SKIP_INSTALL = YES;
				SWIFT_EMIT_LOC_STRINGS = YES;
				SWIFT_VERSION = 5.0;
				TARGETED_DEVICE_FAMILY = 4;
				VALIDATE_PRODUCT = YES;
				WATCHOS_DEPLOYMENT_TARGET = 10;
			};
			name = Release;
		};
		C2A4CF2F2C763A25000181C6 /* Debug */ = {
			isa = XCBuildConfiguration;
			buildSettings = {
				ALWAYS_EMBED_SWIFT_STANDARD_LIBRARIES = YES;
				CODE_SIGN_STYLE = Automatic;
				CURRENT_PROJECT_VERSION = 10;
				DEVELOPMENT_TEAM = 8Q7TMPA46J;
				INFOPLIST_KEY_CFBundleDisplayName = Snel;
				MARKETING_VERSION = 1.2;
				PRODUCT_BUNDLE_IDENTIFIER = com.goodsnooze.sneller;
				PRODUCT_NAME = "$(TARGET_NAME)";
				SDKROOT = iphoneos;
				SWIFT_VERSION = 5.0;
			};
			name = Debug;
		};
		C2A4CF302C763A25000181C6 /* Release */ = {
			isa = XCBuildConfiguration;
			buildSettings = {
				ALWAYS_EMBED_SWIFT_STANDARD_LIBRARIES = YES;
				CODE_SIGN_STYLE = Automatic;
				CURRENT_PROJECT_VERSION = 10;
				DEVELOPMENT_TEAM = 8Q7TMPA46J;
				INFOPLIST_KEY_CFBundleDisplayName = Snel;
				MARKETING_VERSION = 1.2;
				PRODUCT_BUNDLE_IDENTIFIER = com.goodsnooze.sneller;
				PRODUCT_NAME = "$(TARGET_NAME)";
				SDKROOT = iphoneos;
				SWIFT_VERSION = 5.0;
				VALIDATE_PRODUCT = YES;
			};
			name = Release;
		};
		C2A4CF322C763A25000181C6 /* Debug */ = {
			isa = XCBuildConfiguration;
			buildSettings = {
				ALWAYS_EMBED_SWIFT_STANDARD_LIBRARIES = YES;
				BUNDLE_LOADER = "$(TEST_HOST)";
				CODE_SIGN_STYLE = Automatic;
				CURRENT_PROJECT_VERSION = 1;
				DEVELOPMENT_TEAM = 8Q7TMPA46J;
				GENERATE_INFOPLIST_FILE = YES;
				MARKETING_VERSION = 1.0;
				PRODUCT_BUNDLE_IDENTIFIER = "com.goodsnooze.Snel-Watch-AppTests";
				PRODUCT_NAME = "$(TARGET_NAME)";
				SDKROOT = watchos;
				SWIFT_EMIT_LOC_STRINGS = NO;
				SWIFT_VERSION = 5.0;
				TARGETED_DEVICE_FAMILY = 4;
				TEST_HOST = "$(BUILT_PRODUCTS_DIR)/Snel Watch App.app/$(BUNDLE_EXECUTABLE_FOLDER_PATH)/Snel Watch App";
				WATCHOS_DEPLOYMENT_TARGET = 10.4;
			};
			name = Debug;
		};
		C2A4CF332C763A25000181C6 /* Release */ = {
			isa = XCBuildConfiguration;
			buildSettings = {
				ALWAYS_EMBED_SWIFT_STANDARD_LIBRARIES = YES;
				BUNDLE_LOADER = "$(TEST_HOST)";
				CODE_SIGN_STYLE = Automatic;
				CURRENT_PROJECT_VERSION = 1;
				DEVELOPMENT_TEAM = 8Q7TMPA46J;
				GENERATE_INFOPLIST_FILE = YES;
				MARKETING_VERSION = 1.0;
				PRODUCT_BUNDLE_IDENTIFIER = "com.goodsnooze.Snel-Watch-AppTests";
				PRODUCT_NAME = "$(TARGET_NAME)";
				SDKROOT = watchos;
				SWIFT_EMIT_LOC_STRINGS = NO;
				SWIFT_VERSION = 5.0;
				TARGETED_DEVICE_FAMILY = 4;
				TEST_HOST = "$(BUILT_PRODUCTS_DIR)/Snel Watch App.app/$(BUNDLE_EXECUTABLE_FOLDER_PATH)/Snel Watch App";
				VALIDATE_PRODUCT = YES;
				WATCHOS_DEPLOYMENT_TARGET = 10.4;
			};
			name = Release;
		};
		C2A4CF352C763A25000181C6 /* Debug */ = {
			isa = XCBuildConfiguration;
			buildSettings = {
				ALWAYS_EMBED_SWIFT_STANDARD_LIBRARIES = YES;
				CODE_SIGN_STYLE = Automatic;
				CURRENT_PROJECT_VERSION = 1;
				DEVELOPMENT_TEAM = 8Q7TMPA46J;
				GENERATE_INFOPLIST_FILE = YES;
				MARKETING_VERSION = 1.0;
				PRODUCT_BUNDLE_IDENTIFIER = "com.goodsnooze.Snel-Watch-AppUITests";
				PRODUCT_NAME = "$(TARGET_NAME)";
				SDKROOT = watchos;
				SWIFT_EMIT_LOC_STRINGS = NO;
				SWIFT_VERSION = 5.0;
				TARGETED_DEVICE_FAMILY = 4;
				TEST_TARGET_NAME = "Snel Watch App";
				WATCHOS_DEPLOYMENT_TARGET = 10.4;
			};
			name = Debug;
		};
		C2A4CF362C763A25000181C6 /* Release */ = {
			isa = XCBuildConfiguration;
			buildSettings = {
				ALWAYS_EMBED_SWIFT_STANDARD_LIBRARIES = YES;
				CODE_SIGN_STYLE = Automatic;
				CURRENT_PROJECT_VERSION = 1;
				DEVELOPMENT_TEAM = 8Q7TMPA46J;
				GENERATE_INFOPLIST_FILE = YES;
				MARKETING_VERSION = 1.0;
				PRODUCT_BUNDLE_IDENTIFIER = "com.goodsnooze.Snel-Watch-AppUITests";
				PRODUCT_NAME = "$(TARGET_NAME)";
				SDKROOT = watchos;
				SWIFT_EMIT_LOC_STRINGS = NO;
				SWIFT_VERSION = 5.0;
				TARGETED_DEVICE_FAMILY = 4;
				TEST_TARGET_NAME = "Snel Watch App";
				VALIDATE_PRODUCT = YES;
				WATCHOS_DEPLOYMENT_TARGET = 10.4;
			};
			name = Release;
		};
/* End XCBuildConfiguration section */

/* Begin XCConfigurationList section */
		C2A4CEFB2C763A24000181C6 /* Build configuration list for PBXProject "Snel" */ = {
			isa = XCConfigurationList;
			buildConfigurations = (
				C2A4CF282C763A25000181C6 /* Debug */,
				C2A4CF292C763A25000181C6 /* Release */,
			);
			defaultConfigurationIsVisible = 0;
			defaultConfigurationName = Release;
		};
		C2A4CF2A2C763A25000181C6 /* Build configuration list for PBXNativeTarget "Snel Watch App" */ = {
			isa = XCConfigurationList;
			buildConfigurations = (
				C2A4CF2B2C763A25000181C6 /* Debug */,
				C2A4CF2C2C763A25000181C6 /* Release */,
			);
			defaultConfigurationIsVisible = 0;
			defaultConfigurationName = Release;
		};
		C2A4CF2E2C763A25000181C6 /* Build configuration list for PBXNativeTarget "Snel" */ = {
			isa = XCConfigurationList;
			buildConfigurations = (
				C2A4CF2F2C763A25000181C6 /* Debug */,
				C2A4CF302C763A25000181C6 /* Release */,
			);
			defaultConfigurationIsVisible = 0;
			defaultConfigurationName = Release;
		};
		C2A4CF312C763A25000181C6 /* Build configuration list for PBXNativeTarget "Snel Watch AppTests" */ = {
			isa = XCConfigurationList;
			buildConfigurations = (
				C2A4CF322C763A25000181C6 /* Debug */,
				C2A4CF332C763A25000181C6 /* Release */,
			);
			defaultConfigurationIsVisible = 0;
			defaultConfigurationName = Release;
		};
		C2A4CF342C763A25000181C6 /* Build configuration list for PBXNativeTarget "Snel Watch AppUITests" */ = {
			isa = XCConfigurationList;
			buildConfigurations = (
				C2A4CF352C763A25000181C6 /* Debug */,
				C2A4CF362C763A25000181C6 /* Release */,
			);
			defaultConfigurationIsVisible = 0;
			defaultConfigurationName = Release;
		};
/* End XCConfigurationList section */

/* Begin XCRemoteSwiftPackageReference section */
		C2829DE72C77CFFE00E2FB4E /* XCRemoteSwiftPackageReference "Vela" */ = {
			isa = XCRemoteSwiftPackageReference;
			repositoryURL = "https://github.com/Serene-Garden/Vela";
			requirement = {
				branch = main;
				kind = branch;
			};
		};
		C2A4CF492C763B8E000181C6 /* XCRemoteSwiftPackageReference "Defaults" */ = {
			isa = XCRemoteSwiftPackageReference;
			repositoryURL = "https://github.com/sindresorhus/Defaults";
			requirement = {
				branch = main;
				kind = branch;
			};
		};
/* End XCRemoteSwiftPackageReference section */

/* Begin XCSwiftPackageProductDependency section */
		C2829DE82C77CFFE00E2FB4E /* Vela */ = {
			isa = XCSwiftPackageProductDependency;
			package = C2829DE72C77CFFE00E2FB4E /* XCRemoteSwiftPackageReference "Vela" */;
			productName = Vela;
		};
		C2A4CF4A2C763B8E000181C6 /* Defaults */ = {
			isa = XCSwiftPackageProductDependency;
			package = C2A4CF492C763B8E000181C6 /* XCRemoteSwiftPackageReference "Defaults" */;
			productName = Defaults;
		};
/* End XCSwiftPackageProductDependency section */
	};
	rootObject = C2A4CEF82C763A24000181C6 /* Project object */;
}
