{
  "originHash" : "63ff76d8a1cc0a38d42f9eeb7b6830f598507c31631013d27ae59b9c3f5f482b",
  "pins" : [
    {
      "identity" : "defaults",
      "kind" : "remoteSourceControl",
      "location" : "https://github.com/sindresorhus/Defaults",
      "state" : {
        "branch" : "main",
        "revision" : "4c009d5c2496e7aa126e922c94dd3d6ae049efa2"
      }
    },
    {
      "identity" : "swiftclient",
      "kind" : "remoteSourceControl",
      "location" : "https://github.com/TelemetryDeck/SwiftClient",
      "state" : {
        "revision" : "13a26cf125b70d695913eb9bea9f9b9c29da5790",
        "version" : "2.3.0"
      }
    },
    {
      "identity" : "vela",
      "kind" : "remoteSourceControl",
      "location" : "https://github.com/Serene-Garden/Vela",
      "state" : {
        "branch" : "main",
        "revision" : "6e350f917b779e7a16fb5240de4b0420e24b5050"
      }
    }
  ],
  "version" : 3
}
